// !$*UTF8*$!
{
	archiveVersion = 1;
	classes = {
	};
	objectVersion = 56;
	objects = {

/* Begin PBXBuildFile section */
		10C16E072A1DB31A0023CC50 /* DepartamentoViewModel.swift in Sources */ = {isa = PBXBuildFile; fileRef = 10C16E062A1DB31A0023CC50 /* DepartamentoViewModel.swift */; };
		4AF83B70C742F13A462CFFD1 /* Pods_LAvilaEcommerceVenta.framework in Frameworks */ = {isa = PBXBuildFile; fileRef = 8DF8C2DEC0ACC4D05F903E48 /* Pods_LAvilaEcommerceVenta.framework */; };
		7A01C56C2A1D52F6000C215C /* FirebaseAuth in Frameworks */ = {isa = PBXBuildFile; productRef = 7A01C56B2A1D52F6000C215C /* FirebaseAuth */; };
		7A01C56E2A1D52F6000C215C /* FirebaseCrashlytics in Frameworks */ = {isa = PBXBuildFile; productRef = 7A01C56D2A1D52F6000C215C /* FirebaseCrashlytics */; };
		7A01C5702A1D52F6000C215C /* FirebaseStorage in Frameworks */ = {isa = PBXBuildFile; productRef = 7A01C56F2A1D52F6000C215C /* FirebaseStorage */; };
		7A01C5872A1D9950000C215C /* AreaViewModel.swift in Sources */ = {isa = PBXBuildFile; fileRef = 7A01C5862A1D9950000C215C /* AreaViewModel.swift */; };
		7A0776182A1BCB77005D659F /* Login.swift in Sources */ = {isa = PBXBuildFile; fileRef = 7A0776172A1BCB77005D659F /* Login.swift */; };
		7A07761B2A1BEEFC005D659F /* GoogleService-Info.plist in Resources */ = {isa = PBXBuildFile; fileRef = 7A07761A2A1BEEFC005D659F /* GoogleService-Info.plist */; };
		7A07761D2A1BF523005D659F /* LoginController.swift in Sources */ = {isa = PBXBuildFile; fileRef = 7A07761C2A1BF523005D659F /* LoginController.swift */; };
		7A07761F2A1BFC8E005D659F /* RegistroController.swift in Sources */ = {isa = PBXBuildFile; fileRef = 7A07761E2A1BFC8E005D659F /* RegistroController.swift */; };
		7A18AF2D2A211CBC005BF06D /* RegistroController.swift in Sources */ = {isa = PBXBuildFile; fileRef = 7A18AF2C2A211CBC005BF06D /* RegistroController.swift */; };
		7A18AF302A211FE5005BF06D /* LAvilaEcommerce.xcdatamodeld in Sources */ = {isa = PBXBuildFile; fileRef = 7A18AF2E2A211FE5005BF06D /* LAvilaEcommerce.xcdatamodeld */; };
		7A18AF332A213EA6005BF06D /* CarritoViewModel.swift in Sources */ = {isa = PBXBuildFile; fileRef = 7A18AF322A213EA6005BF06D /* CarritoViewModel.swift */; };
		7A18AF3B2A215DD8005BF06D /* CarritoController.swift in Sources */ = {isa = PBXBuildFile; fileRef = 7A18AF3A2A215DD8005BF06D /* CarritoController.swift */; };
		7A18AF3E2A2172C1005BF06D /* CarritoCell.swift in Sources */ = {isa = PBXBuildFile; fileRef = 7A18AF3C2A2172C1005BF06D /* CarritoCell.swift */; };
		7A18AF3F2A2172C1005BF06D /* CarritoCell.xib in Resources */ = {isa = PBXBuildFile; fileRef = 7A18AF3D2A2172C1005BF06D /* CarritoCell.xib */; };
		7A18AF412A21773B005BF06D /* Proveedor.swift in Sources */ = {isa = PBXBuildFile; fileRef = 7A87E8ED2A1536E000E2363A /* Proveedor.swift */; };
		7A18AF452A21885B005BF06D /* ProductoVentasViewModel.swift in Sources */ = {isa = PBXBuildFile; fileRef = 7A18AF442A21885B005BF06D /* ProductoVentasViewModel.swift */; };
		7A1E86FA2A0DAE6A000525D6 /* iOSDropDown.framework in Frameworks */ = {isa = PBXBuildFile; fileRef = 7A1E86F92A0DAE6A000525D6 /* iOSDropDown.framework */; };
		7A1F66112A251B710070B03E /* ProductosViewModel.swift in Sources */ = {isa = PBXBuildFile; fileRef = 7A6C87D02A143F7E00DB8E37 /* ProductosViewModel.swift */; };
		7A4995A42A0C042500AA92F5 /* RolGetAllController.swift in Sources */ = {isa = PBXBuildFile; fileRef = 7A4995A32A0C042500AA92F5 /* RolGetAllController.swift */; };
		7A542D362A02E8830068E3F1 /* GetAllUsuarioController.swift in Sources */ = {isa = PBXBuildFile; fileRef = 7A542D352A02E8820068E3F1 /* GetAllUsuarioController.swift */; };
		7A542D392A02F1170068E3F1 /* UsuarioCell.swift in Sources */ = {isa = PBXBuildFile; fileRef = 7A542D372A02F1170068E3F1 /* UsuarioCell.swift */; };
		7A542D3A2A02F1170068E3F1 /* UsuarioCell.xib in Resources */ = {isa = PBXBuildFile; fileRef = 7A542D382A02F1170068E3F1 /* UsuarioCell.xib */; };
		7A54689129FC53A8006BA180 /* DBManager.swift in Sources */ = {isa = PBXBuildFile; fileRef = 7A54689029FC53A8006BA180 /* DBManager.swift */; };
		7A54689329FC7481006BA180 /* Usuario.swift in Sources */ = {isa = PBXBuildFile; fileRef = 7A54689229FC7481006BA180 /* Usuario.swift */; };
		7A57C9BD2A01D4F300FED5F5 /* Result.swift in Sources */ = {isa = PBXBuildFile; fileRef = 7A57C9BC2A01D4F300FED5F5 /* Result.swift */; };
		7A6C87C42A142CC400DB8E37 /* ProductosCell.swift in Sources */ = {isa = PBXBuildFile; fileRef = 7A6C87C22A142CC400DB8E37 /* ProductosCell.swift */; };
		7A6C87C52A142CC400DB8E37 /* ProductosCell.xib in Resources */ = {isa = PBXBuildFile; fileRef = 7A6C87C32A142CC400DB8E37 /* ProductosCell.xib */; };
		7A6C87C82A142D8B00DB8E37 /* FormProductosController.swift in Sources */ = {isa = PBXBuildFile; fileRef = 7A6C87C72A142D8B00DB8E37 /* FormProductosController.swift */; };
		7A6C87CA2A142E4300DB8E37 /* GetAllProductoController.swift in Sources */ = {isa = PBXBuildFile; fileRef = 7A6C87C92A142E4300DB8E37 /* GetAllProductoController.swift */; };
		7A6C87CC2A14336C00DB8E37 /* Producto.swift in Sources */ = {isa = PBXBuildFile; fileRef = 7A6C87CB2A14336C00DB8E37 /* Producto.swift */; };
		7A6C87D12A143F7E00DB8E37 /* ProductosViewModel.swift in Sources */ = {isa = PBXBuildFile; fileRef = 7A6C87D02A143F7E00DB8E37 /* ProductosViewModel.swift */; };
		7A75DB2D29FAFFAC0058795F /* AppDelegate.swift in Sources */ = {isa = PBXBuildFile; fileRef = 7A75DB2C29FAFFAC0058795F /* AppDelegate.swift */; };
		7A75DB2F29FAFFAC0058795F /* SceneDelegate.swift in Sources */ = {isa = PBXBuildFile; fileRef = 7A75DB2E29FAFFAC0058795F /* SceneDelegate.swift */; };
		7A75DB3129FAFFAC0058795F /* ViewController.swift in Sources */ = {isa = PBXBuildFile; fileRef = 7A75DB3029FAFFAC0058795F /* ViewController.swift */; };
		7A75DB3429FAFFAC0058795F /* Main.storyboard in Resources */ = {isa = PBXBuildFile; fileRef = 7A75DB3229FAFFAC0058795F /* Main.storyboard */; };
		7A75DB3629FAFFAE0058795F /* Assets.xcassets in Resources */ = {isa = PBXBuildFile; fileRef = 7A75DB3529FAFFAE0058795F /* Assets.xcassets */; };
		7A75DB3929FAFFAE0058795F /* LaunchScreen.storyboard in Resources */ = {isa = PBXBuildFile; fileRef = 7A75DB3729FAFFAE0058795F /* LaunchScreen.storyboard */; };
		7A76D2412A0AF233005325EA /* Rol.swift in Sources */ = {isa = PBXBuildFile; fileRef = 7A76D2402A0AF233005325EA /* Rol.swift */; };
		7A76D2452A0AF348005325EA /* RolCell.swift in Sources */ = {isa = PBXBuildFile; fileRef = 7A76D2432A0AF348005325EA /* RolCell.swift */; };
		7A76D2462A0AF348005325EA /* RolCell.xib in Resources */ = {isa = PBXBuildFile; fileRef = 7A76D2442A0AF348005325EA /* RolCell.xib */; };
		7A76D2482A0AF9D0005325EA /* RolViewModel.swift in Sources */ = {isa = PBXBuildFile; fileRef = 7A76D2472A0AF9D0005325EA /* RolViewModel.swift */; };
		7A76D24B2A0B163B005325EA /* FormRolController.swift in Sources */ = {isa = PBXBuildFile; fileRef = 7A76D24A2A0B163B005325EA /* FormRolController.swift */; };
		7A87E8EC2A15364C00E2363A /* Departamento.swift in Sources */ = {isa = PBXBuildFile; fileRef = 7A87E8EB2A15364C00E2363A /* Departamento.swift */; };
		7A87E8EE2A1536E000E2363A /* Proveedor.swift in Sources */ = {isa = PBXBuildFile; fileRef = 7A87E8ED2A1536E000E2363A /* Proveedor.swift */; };
		7A87E8F12A15373000E2363A /* Area.swift in Sources */ = {isa = PBXBuildFile; fileRef = 7A87E8F02A15373000E2363A /* Area.swift */; };
		7AA3E92C2A265EB9003FE954 /* LAvilaEcommerceVentaTests.swift in Sources */ = {isa = PBXBuildFile; fileRef = 7AA3E92B2A265EB9003FE954 /* LAvilaEcommerceVentaTests.swift */; };
		7AA3E9362A2682DB003FE954 /* GoogleService-Info.plist in Sources */ = {isa = PBXBuildFile; fileRef = 7A07761A2A1BEEFC005D659F /* GoogleService-Info.plist */; };
		7AA3E9382A2683C9003FE954 /* FirebaseAuth in Frameworks */ = {isa = PBXBuildFile; productRef = 7AA3E9372A2683C9003FE954 /* FirebaseAuth */; };
		7AA3E9422A26CB17003FE954 /* LAvilaEcommerceVentaUITests.swift in Sources */ = {isa = PBXBuildFile; fileRef = 7AA3E9412A26CB17003FE954 /* LAvilaEcommerceVentaUITests.swift */; };
		7AA3E9442A26CB17003FE954 /* LAvilaEcommerceVentaUITestsLaunchTests.swift in Sources */ = {isa = PBXBuildFile; fileRef = 7AA3E9432A26CB17003FE954 /* LAvilaEcommerceVentaUITestsLaunchTests.swift */; };
		7ABF6AE42A1FF42C00710224 /* AppDelegate.swift in Sources */ = {isa = PBXBuildFile; fileRef = 7ABF6AE32A1FF42C00710224 /* AppDelegate.swift */; };
		7ABF6AE62A1FF42C00710224 /* SceneDelegate.swift in Sources */ = {isa = PBXBuildFile; fileRef = 7ABF6AE52A1FF42C00710224 /* SceneDelegate.swift */; };
		7ABF6AE82A1FF42C00710224 /* ViewController.swift in Sources */ = {isa = PBXBuildFile; fileRef = 7ABF6AE72A1FF42C00710224 /* ViewController.swift */; };
		7ABF6AEB2A1FF42C00710224 /* Main.storyboard in Resources */ = {isa = PBXBuildFile; fileRef = 7ABF6AE92A1FF42C00710224 /* Main.storyboard */; };
		7ABF6AED2A1FF42E00710224 /* Assets.xcassets in Resources */ = {isa = PBXBuildFile; fileRef = 7ABF6AEC2A1FF42E00710224 /* Assets.xcassets */; };
		7ABF6AF02A1FF42E00710224 /* LaunchScreen.storyboard in Resources */ = {isa = PBXBuildFile; fileRef = 7ABF6AEE2A1FF42E00710224 /* LaunchScreen.storyboard */; };
		7ABF6AF72A20010B00710224 /* DBManager.swift in Sources */ = {isa = PBXBuildFile; fileRef = 7A54689029FC53A8006BA180 /* DBManager.swift */; };
		7ABF6AF92A20012400710224 /* Departamento.swift in Sources */ = {isa = PBXBuildFile; fileRef = 7A87E8EB2A15364C00E2363A /* Departamento.swift */; };
		7ABF6AFA2A20013900710224 /* Area.swift in Sources */ = {isa = PBXBuildFile; fileRef = 7A87E8F02A15373000E2363A /* Area.swift */; };
		7ABF6AFB2A20014100710224 /* Login.swift in Sources */ = {isa = PBXBuildFile; fileRef = 7A0776172A1BCB77005D659F /* Login.swift */; };
		7ABF6AFC2A20017100710224 /* AreaViewModel.swift in Sources */ = {isa = PBXBuildFile; fileRef = 7A01C5862A1D9950000C215C /* AreaViewModel.swift */; };
		7ABF6AFD2A20017E00710224 /* DepartamentoViewModel.swift in Sources */ = {isa = PBXBuildFile; fileRef = 10C16E062A1DB31A0023CC50 /* DepartamentoViewModel.swift */; };
		7ABF6AFE2A20018400710224 /* ProductosCardViewModel.swift in Sources */ = {isa = PBXBuildFile; fileRef = 7AC81E8F2A1ED092007C416C /* ProductosCardViewModel.swift */; };
		7ABF6AFF2A20018F00710224 /* ProductosViewModelLike.swift in Sources */ = {isa = PBXBuildFile; fileRef = 7AC81E912A1ED0CB007C416C /* ProductosViewModelLike.swift */; };
		7ABF6B002A20032200710224 /* Result.swift in Sources */ = {isa = PBXBuildFile; fileRef = 7A57C9BC2A01D4F300FED5F5 /* Result.swift */; };
		7ABF6B072A20074E00710224 /* AreaController.swift in Sources */ = {isa = PBXBuildFile; fileRef = 7ABF6B062A20074E00710224 /* AreaController.swift */; };
		7ABF6B092A20087000710224 /* DepartamentoController.swift in Sources */ = {isa = PBXBuildFile; fileRef = 7ABF6B082A20087000710224 /* DepartamentoController.swift */; };
		7ABF6B0C2A200FAA00710224 /* ProductosColeccionController.swift in Sources */ = {isa = PBXBuildFile; fileRef = 7ABF6B0B2A200FAA00710224 /* ProductosColeccionController.swift */; };
		7ABF6B182A20219700710224 /* ProductosCardCell.swift in Sources */ = {isa = PBXBuildFile; fileRef = 7ABF6B162A20219700710224 /* ProductosCardCell.swift */; };
		7ABF6B192A20219700710224 /* ProductosCardCell.xib in Resources */ = {isa = PBXBuildFile; fileRef = 7ABF6B172A20219700710224 /* ProductosCardCell.xib */; };
		7ABF6B1E2A2026F300710224 /* AreaCardVentasCell.swift in Sources */ = {isa = PBXBuildFile; fileRef = 7ABF6B1C2A2026F300710224 /* AreaCardVentasCell.swift */; };
		7ABF6B1F2A2026F300710224 /* AreaCardVentasCell.xib in Resources */ = {isa = PBXBuildFile; fileRef = 7ABF6B1D2A2026F300710224 /* AreaCardVentasCell.xib */; };
		7ABF6B212A202F6F00710224 /* FirebaseAnalytics in Frameworks */ = {isa = PBXBuildFile; productRef = 7ABF6B202A202F6F00710224 /* FirebaseAnalytics */; };
		7ABF6B232A202F6F00710224 /* FirebaseAuth in Frameworks */ = {isa = PBXBuildFile; productRef = 7ABF6B222A202F6F00710224 /* FirebaseAuth */; };
		7ABF6B252A202F6F00710224 /* FirebaseStorage in Frameworks */ = {isa = PBXBuildFile; productRef = 7ABF6B242A202F6F00710224 /* FirebaseStorage */; };
		7ABF6B282A20398200710224 /* LoginController.swift in Sources */ = {isa = PBXBuildFile; fileRef = 7ABF6B272A20398200710224 /* LoginController.swift */; };
		7ABF6B292A20443F00710224 /* GoogleService-Info.plist in Sources */ = {isa = PBXBuildFile; fileRef = 7A07761A2A1BEEFC005D659F /* GoogleService-Info.plist */; };
		7AC69FCA2A258B11007B6A2D /* Producto.swift in Sources */ = {isa = PBXBuildFile; fileRef = 7A6C87CB2A14336C00DB8E37 /* Producto.swift */; };
		7AC81E902A1ED092007C416C /* ProductosCardViewModel.swift in Sources */ = {isa = PBXBuildFile; fileRef = 7AC81E8F2A1ED092007C416C /* ProductosCardViewModel.swift */; };
		7AC81E922A1ED0CB007C416C /* ProductosViewModelLike.swift in Sources */ = {isa = PBXBuildFile; fileRef = 7AC81E912A1ED0CB007C416C /* ProductosViewModelLike.swift */; };
		7AF6F0B02A043DCE007B5C29 /* UsuarioViewModel.swift in Sources */ = {isa = PBXBuildFile; fileRef = 7AF6F0AF2A043DCE007B5C29 /* UsuarioViewModel.swift */; };
		9300DF8FF636E5276C081CB2 /* Pods_LAvilaEcommerce.framework in Frameworks */ = {isa = PBXBuildFile; fileRef = EFF4C0466D2CEB4D5A0E78DB /* Pods_LAvilaEcommerce.framework */; };
/* End PBXBuildFile section */

/* Begin PBXContainerItemProxy section */
		7AA3E92D2A265EB9003FE954 /* PBXContainerItemProxy */ = {
			isa = PBXContainerItemProxy;
			containerPortal = 7A75DB2129FAFFAC0058795F /* Project object */;
			proxyType = 1;
			remoteGlobalIDString = 7ABF6AE02A1FF42C00710224;
			remoteInfo = LAvilaEcommerceVenta;
		};
		7AA3E9392A2688C0003FE954 /* PBXContainerItemProxy */ = {
			isa = PBXContainerItemProxy;
			containerPortal = 7A75DB2129FAFFAC0058795F /* Project object */;
			proxyType = 1;
			remoteGlobalIDString = 7A75DB2829FAFFAC0058795F;
			remoteInfo = LAvilaEcommerce;
		};
		7AA3E9452A26CB17003FE954 /* PBXContainerItemProxy */ = {
			isa = PBXContainerItemProxy;
			containerPortal = 7A75DB2129FAFFAC0058795F /* Project object */;
			proxyType = 1;
			remoteGlobalIDString = 7ABF6AE02A1FF42C00710224;
			remoteInfo = LAvilaEcommerceVenta;
		};
/* End PBXContainerItemProxy section */

/* Begin PBXFileReference section */
		10C16E062A1DB31A0023CC50 /* DepartamentoViewModel.swift */ = {isa = PBXFileReference; lastKnownFileType = sourcecode.swift; path = DepartamentoViewModel.swift; sourceTree = "<group>"; };
		459B85498AB88954C7D68395 /* Pods-LAvilaEcommerceVenta.release.xcconfig */ = {isa = PBXFileReference; includeInIndex = 1; lastKnownFileType = text.xcconfig; name = "Pods-LAvilaEcommerceVenta.release.xcconfig"; path = "Target Support Files/Pods-LAvilaEcommerceVenta/Pods-LAvilaEcommerceVenta.release.xcconfig"; sourceTree = "<group>"; };
		45D479CC0CD5B1A70AF33A35 /* Pods-LAvilaEcommerce.release.xcconfig */ = {isa = PBXFileReference; includeInIndex = 1; lastKnownFileType = text.xcconfig; name = "Pods-LAvilaEcommerce.release.xcconfig"; path = "Target Support Files/Pods-LAvilaEcommerce/Pods-LAvilaEcommerce.release.xcconfig"; sourceTree = "<group>"; };
		7A01C5862A1D9950000C215C /* AreaViewModel.swift */ = {isa = PBXFileReference; lastKnownFileType = sourcecode.swift; path = AreaViewModel.swift; sourceTree = "<group>"; };
		7A0776172A1BCB77005D659F /* Login.swift */ = {isa = PBXFileReference; lastKnownFileType = sourcecode.swift; path = Login.swift; sourceTree = "<group>"; };
		7A07761A2A1BEEFC005D659F /* GoogleService-Info.plist */ = {isa = PBXFileReference; fileEncoding = 4; lastKnownFileType = text.plist.xml; path = "GoogleService-Info.plist"; sourceTree = "<group>"; };
		7A07761C2A1BF523005D659F /* LoginController.swift */ = {isa = PBXFileReference; lastKnownFileType = sourcecode.swift; path = LoginController.swift; sourceTree = "<group>"; };
		7A07761E2A1BFC8E005D659F /* RegistroController.swift */ = {isa = PBXFileReference; lastKnownFileType = sourcecode.swift; path = RegistroController.swift; sourceTree = "<group>"; };
		7A18AF2C2A211CBC005BF06D /* RegistroController.swift */ = {isa = PBXFileReference; lastKnownFileType = sourcecode.swift; path = RegistroController.swift; sourceTree = "<group>"; };
		7A18AF2F2A211FE5005BF06D /* LAvilaEcommerce.xcdatamodel */ = {isa = PBXFileReference; lastKnownFileType = wrapper.xcdatamodel; path = LAvilaEcommerce.xcdatamodel; sourceTree = "<group>"; };
		7A18AF322A213EA6005BF06D /* CarritoViewModel.swift */ = {isa = PBXFileReference; lastKnownFileType = sourcecode.swift; path = CarritoViewModel.swift; sourceTree = "<group>"; };
		7A18AF3A2A215DD8005BF06D /* CarritoController.swift */ = {isa = PBXFileReference; lastKnownFileType = sourcecode.swift; path = CarritoController.swift; sourceTree = "<group>"; };
		7A18AF3C2A2172C1005BF06D /* CarritoCell.swift */ = {isa = PBXFileReference; lastKnownFileType = sourcecode.swift; path = CarritoCell.swift; sourceTree = "<group>"; };
		7A18AF3D2A2172C1005BF06D /* CarritoCell.xib */ = {isa = PBXFileReference; lastKnownFileType = file.xib; path = CarritoCell.xib; sourceTree = "<group>"; };
		7A18AF442A21885B005BF06D /* ProductoVentasViewModel.swift */ = {isa = PBXFileReference; lastKnownFileType = sourcecode.swift; path = ProductoVentasViewModel.swift; sourceTree = "<group>"; };
		7A1E86F92A0DAE6A000525D6 /* iOSDropDown.framework */ = {isa = PBXFileReference; explicitFileType = wrapper.framework; path = iOSDropDown.framework; sourceTree = BUILT_PRODUCTS_DIR; };
		7A4995A32A0C042500AA92F5 /* RolGetAllController.swift */ = {isa = PBXFileReference; lastKnownFileType = sourcecode.swift; path = RolGetAllController.swift; sourceTree = "<group>"; };
		7A542D352A02E8820068E3F1 /* GetAllUsuarioController.swift */ = {isa = PBXFileReference; lastKnownFileType = sourcecode.swift; path = GetAllUsuarioController.swift; sourceTree = "<group>"; };
		7A542D372A02F1170068E3F1 /* UsuarioCell.swift */ = {isa = PBXFileReference; lastKnownFileType = sourcecode.swift; path = UsuarioCell.swift; sourceTree = "<group>"; };
		7A542D382A02F1170068E3F1 /* UsuarioCell.xib */ = {isa = PBXFileReference; lastKnownFileType = file.xib; path = UsuarioCell.xib; sourceTree = "<group>"; };
		7A54689029FC53A8006BA180 /* DBManager.swift */ = {isa = PBXFileReference; lastKnownFileType = sourcecode.swift; path = DBManager.swift; sourceTree = "<group>"; };
		7A54689229FC7481006BA180 /* Usuario.swift */ = {isa = PBXFileReference; lastKnownFileType = sourcecode.swift; path = Usuario.swift; sourceTree = "<group>"; };
		7A57C9BC2A01D4F300FED5F5 /* Result.swift */ = {isa = PBXFileReference; lastKnownFileType = sourcecode.swift; path = Result.swift; sourceTree = "<group>"; };
		7A6C87C22A142CC400DB8E37 /* ProductosCell.swift */ = {isa = PBXFileReference; lastKnownFileType = sourcecode.swift; path = ProductosCell.swift; sourceTree = "<group>"; };
		7A6C87C32A142CC400DB8E37 /* ProductosCell.xib */ = {isa = PBXFileReference; lastKnownFileType = file.xib; path = ProductosCell.xib; sourceTree = "<group>"; };
		7A6C87C72A142D8B00DB8E37 /* FormProductosController.swift */ = {isa = PBXFileReference; lastKnownFileType = sourcecode.swift; path = FormProductosController.swift; sourceTree = "<group>"; };
		7A6C87C92A142E4300DB8E37 /* GetAllProductoController.swift */ = {isa = PBXFileReference; lastKnownFileType = sourcecode.swift; path = GetAllProductoController.swift; sourceTree = "<group>"; };
		7A6C87CB2A14336C00DB8E37 /* Producto.swift */ = {isa = PBXFileReference; lastKnownFileType = sourcecode.swift; path = Producto.swift; sourceTree = "<group>"; };
		7A6C87D02A143F7E00DB8E37 /* ProductosViewModel.swift */ = {isa = PBXFileReference; lastKnownFileType = sourcecode.swift; path = ProductosViewModel.swift; sourceTree = "<group>"; };
		7A75DB2929FAFFAC0058795F /* LAvilaEcommerce.app */ = {isa = PBXFileReference; explicitFileType = wrapper.application; includeInIndex = 0; path = LAvilaEcommerce.app; sourceTree = BUILT_PRODUCTS_DIR; };
		7A75DB2C29FAFFAC0058795F /* AppDelegate.swift */ = {isa = PBXFileReference; lastKnownFileType = sourcecode.swift; path = AppDelegate.swift; sourceTree = "<group>"; };
		7A75DB2E29FAFFAC0058795F /* SceneDelegate.swift */ = {isa = PBXFileReference; lastKnownFileType = sourcecode.swift; path = SceneDelegate.swift; sourceTree = "<group>"; };
		7A75DB3029FAFFAC0058795F /* ViewController.swift */ = {isa = PBXFileReference; lastKnownFileType = sourcecode.swift; path = ViewController.swift; sourceTree = "<group>"; };
		7A75DB3329FAFFAC0058795F /* Base */ = {isa = PBXFileReference; lastKnownFileType = file.storyboard; name = Base; path = Base.lproj/Main.storyboard; sourceTree = "<group>"; };
		7A75DB3529FAFFAE0058795F /* Assets.xcassets */ = {isa = PBXFileReference; lastKnownFileType = folder.assetcatalog; path = Assets.xcassets; sourceTree = "<group>"; };
		7A75DB3829FAFFAE0058795F /* Base */ = {isa = PBXFileReference; lastKnownFileType = file.storyboard; name = Base; path = Base.lproj/LaunchScreen.storyboard; sourceTree = "<group>"; };
		7A75DB3A29FAFFAE0058795F /* Info.plist */ = {isa = PBXFileReference; lastKnownFileType = text.plist.xml; path = Info.plist; sourceTree = "<group>"; };
		7A76D2402A0AF233005325EA /* Rol.swift */ = {isa = PBXFileReference; lastKnownFileType = sourcecode.swift; path = Rol.swift; sourceTree = "<group>"; };
		7A76D2432A0AF348005325EA /* RolCell.swift */ = {isa = PBXFileReference; lastKnownFileType = sourcecode.swift; path = RolCell.swift; sourceTree = "<group>"; };
		7A76D2442A0AF348005325EA /* RolCell.xib */ = {isa = PBXFileReference; lastKnownFileType = file.xib; path = RolCell.xib; sourceTree = "<group>"; };
		7A76D2472A0AF9D0005325EA /* RolViewModel.swift */ = {isa = PBXFileReference; lastKnownFileType = sourcecode.swift; path = RolViewModel.swift; sourceTree = "<group>"; };
		7A76D24A2A0B163B005325EA /* FormRolController.swift */ = {isa = PBXFileReference; lastKnownFileType = sourcecode.swift; path = FormRolController.swift; sourceTree = "<group>"; };
		7A87E8EB2A15364C00E2363A /* Departamento.swift */ = {isa = PBXFileReference; lastKnownFileType = sourcecode.swift; path = Departamento.swift; sourceTree = "<group>"; };
		7A87E8ED2A1536E000E2363A /* Proveedor.swift */ = {isa = PBXFileReference; lastKnownFileType = sourcecode.swift; path = Proveedor.swift; sourceTree = "<group>"; };
		7A87E8F02A15373000E2363A /* Area.swift */ = {isa = PBXFileReference; lastKnownFileType = sourcecode.swift; path = Area.swift; sourceTree = "<group>"; };
		7AA3E9292A265EB9003FE954 /* LAvilaEcommerceVentaTests.xctest */ = {isa = PBXFileReference; explicitFileType = wrapper.cfbundle; includeInIndex = 0; path = LAvilaEcommerceVentaTests.xctest; sourceTree = BUILT_PRODUCTS_DIR; };
		7AA3E92B2A265EB9003FE954 /* LAvilaEcommerceVentaTests.swift */ = {isa = PBXFileReference; lastKnownFileType = sourcecode.swift; path = LAvilaEcommerceVentaTests.swift; sourceTree = "<group>"; };
		7AA3E93F2A26CB17003FE954 /* LAvilaEcommerceVentaUITests.xctest */ = {isa = PBXFileReference; explicitFileType = wrapper.cfbundle; includeInIndex = 0; path = LAvilaEcommerceVentaUITests.xctest; sourceTree = BUILT_PRODUCTS_DIR; };
		7AA3E9412A26CB17003FE954 /* LAvilaEcommerceVentaUITests.swift */ = {isa = PBXFileReference; lastKnownFileType = sourcecode.swift; path = LAvilaEcommerceVentaUITests.swift; sourceTree = "<group>"; };
		7AA3E9432A26CB17003FE954 /* LAvilaEcommerceVentaUITestsLaunchTests.swift */ = {isa = PBXFileReference; lastKnownFileType = sourcecode.swift; path = LAvilaEcommerceVentaUITestsLaunchTests.swift; sourceTree = "<group>"; };
		7ABF6AE12A1FF42C00710224 /* LAvilaEcommerceVenta.app */ = {isa = PBXFileReference; explicitFileType = wrapper.application; includeInIndex = 0; path = LAvilaEcommerceVenta.app; sourceTree = BUILT_PRODUCTS_DIR; };
		7ABF6AE32A1FF42C00710224 /* AppDelegate.swift */ = {isa = PBXFileReference; lastKnownFileType = sourcecode.swift; path = AppDelegate.swift; sourceTree = "<group>"; };
		7ABF6AE52A1FF42C00710224 /* SceneDelegate.swift */ = {isa = PBXFileReference; lastKnownFileType = sourcecode.swift; path = SceneDelegate.swift; sourceTree = "<group>"; };
		7ABF6AE72A1FF42C00710224 /* ViewController.swift */ = {isa = PBXFileReference; lastKnownFileType = sourcecode.swift; path = ViewController.swift; sourceTree = "<group>"; };
		7ABF6AEA2A1FF42C00710224 /* Base */ = {isa = PBXFileReference; lastKnownFileType = file.storyboard; name = Base; path = Base.lproj/Main.storyboard; sourceTree = "<group>"; };
		7ABF6AEC2A1FF42E00710224 /* Assets.xcassets */ = {isa = PBXFileReference; lastKnownFileType = folder.assetcatalog; path = Assets.xcassets; sourceTree = "<group>"; };
		7ABF6AEF2A1FF42E00710224 /* Base */ = {isa = PBXFileReference; lastKnownFileType = file.storyboard; name = Base; path = Base.lproj/LaunchScreen.storyboard; sourceTree = "<group>"; };
		7ABF6AF12A1FF42E00710224 /* Info.plist */ = {isa = PBXFileReference; lastKnownFileType = text.plist.xml; path = Info.plist; sourceTree = "<group>"; };
		7ABF6AF52A1FF45400710224 /* LAvilaEcommerce.entitlements */ = {isa = PBXFileReference; lastKnownFileType = text.plist.entitlements; path = LAvilaEcommerce.entitlements; sourceTree = "<group>"; };
		7ABF6AF62A1FF48100710224 /* LAvilaEcommerceVenta.entitlements */ = {isa = PBXFileReference; lastKnownFileType = text.plist.entitlements; path = LAvilaEcommerceVenta.entitlements; sourceTree = "<group>"; };
		7ABF6B062A20074E00710224 /* AreaController.swift */ = {isa = PBXFileReference; lastKnownFileType = sourcecode.swift; path = AreaController.swift; sourceTree = "<group>"; };
		7ABF6B082A20087000710224 /* DepartamentoController.swift */ = {isa = PBXFileReference; lastKnownFileType = sourcecode.swift; path = DepartamentoController.swift; sourceTree = "<group>"; };
		7ABF6B0B2A200FAA00710224 /* ProductosColeccionController.swift */ = {isa = PBXFileReference; lastKnownFileType = sourcecode.swift; path = ProductosColeccionController.swift; sourceTree = "<group>"; };
		7ABF6B162A20219700710224 /* ProductosCardCell.swift */ = {isa = PBXFileReference; lastKnownFileType = sourcecode.swift; path = ProductosCardCell.swift; sourceTree = "<group>"; };
		7ABF6B172A20219700710224 /* ProductosCardCell.xib */ = {isa = PBXFileReference; lastKnownFileType = file.xib; path = ProductosCardCell.xib; sourceTree = "<group>"; };
		7ABF6B1C2A2026F300710224 /* AreaCardVentasCell.swift */ = {isa = PBXFileReference; lastKnownFileType = sourcecode.swift; path = AreaCardVentasCell.swift; sourceTree = "<group>"; };
		7ABF6B1D2A2026F300710224 /* AreaCardVentasCell.xib */ = {isa = PBXFileReference; lastKnownFileType = file.xib; path = AreaCardVentasCell.xib; sourceTree = "<group>"; };
		7ABF6B272A20398200710224 /* LoginController.swift */ = {isa = PBXFileReference; lastKnownFileType = sourcecode.swift; path = LoginController.swift; sourceTree = "<group>"; };
		7AC81E8F2A1ED092007C416C /* ProductosCardViewModel.swift */ = {isa = PBXFileReference; lastKnownFileType = sourcecode.swift; path = ProductosCardViewModel.swift; sourceTree = "<group>"; };
		7AC81E912A1ED0CB007C416C /* ProductosViewModelLike.swift */ = {isa = PBXFileReference; lastKnownFileType = sourcecode.swift; path = ProductosViewModelLike.swift; sourceTree = "<group>"; };
		7AF6F0AF2A043DCE007B5C29 /* UsuarioViewModel.swift */ = {isa = PBXFileReference; lastKnownFileType = sourcecode.swift; path = UsuarioViewModel.swift; sourceTree = "<group>"; };
		8DF8C2DEC0ACC4D05F903E48 /* Pods_LAvilaEcommerceVenta.framework */ = {isa = PBXFileReference; explicitFileType = wrapper.framework; includeInIndex = 0; path = Pods_LAvilaEcommerceVenta.framework; sourceTree = BUILT_PRODUCTS_DIR; };
		ABD9E8ABECBCA171189B3DCA /* Pods-LAvilaEcommerceVenta.debug.xcconfig */ = {isa = PBXFileReference; includeInIndex = 1; lastKnownFileType = text.xcconfig; name = "Pods-LAvilaEcommerceVenta.debug.xcconfig"; path = "Target Support Files/Pods-LAvilaEcommerceVenta/Pods-LAvilaEcommerceVenta.debug.xcconfig"; sourceTree = "<group>"; };
		EFF4C0466D2CEB4D5A0E78DB /* Pods_LAvilaEcommerce.framework */ = {isa = PBXFileReference; explicitFileType = wrapper.framework; includeInIndex = 0; path = Pods_LAvilaEcommerce.framework; sourceTree = BUILT_PRODUCTS_DIR; };
		F54A662A0A81E3D601A5B41B /* Pods-LAvilaEcommerce.debug.xcconfig */ = {isa = PBXFileReference; includeInIndex = 1; lastKnownFileType = text.xcconfig; name = "Pods-LAvilaEcommerce.debug.xcconfig"; path = "Target Support Files/Pods-LAvilaEcommerce/Pods-LAvilaEcommerce.debug.xcconfig"; sourceTree = "<group>"; };
/* End PBXFileReference section */

/* Begin PBXFrameworksBuildPhase section */
		7A75DB2629FAFFAC0058795F /* Frameworks */ = {
			isa = PBXFrameworksBuildPhase;
			buildActionMask = 2147483647;
			files = (
				7A1E86FA2A0DAE6A000525D6 /* iOSDropDown.framework in Frameworks */,
				7A01C56E2A1D52F6000C215C /* FirebaseCrashlytics in Frameworks */,
				7A01C56C2A1D52F6000C215C /* FirebaseAuth in Frameworks */,
				7A01C5702A1D52F6000C215C /* FirebaseStorage in Frameworks */,
				9300DF8FF636E5276C081CB2 /* Pods_LAvilaEcommerce.framework in Frameworks */,
			);
			runOnlyForDeploymentPostprocessing = 0;
		};
		7AA3E9262A265EB9003FE954 /* Frameworks */ = {
			isa = PBXFrameworksBuildPhase;
			buildActionMask = 2147483647;
			files = (
				7AA3E9382A2683C9003FE954 /* FirebaseAuth in Frameworks */,
			);
			runOnlyForDeploymentPostprocessing = 0;
		};
		7AA3E93C2A26CB17003FE954 /* Frameworks */ = {
			isa = PBXFrameworksBuildPhase;
			buildActionMask = 2147483647;
			files = (
			);
			runOnlyForDeploymentPostprocessing = 0;
		};
		7ABF6ADE2A1FF42C00710224 /* Frameworks */ = {
			isa = PBXFrameworksBuildPhase;
			buildActionMask = 2147483647;
			files = (
				7ABF6B212A202F6F00710224 /* FirebaseAnalytics in Frameworks */,
				7ABF6B232A202F6F00710224 /* FirebaseAuth in Frameworks */,
				7ABF6B252A202F6F00710224 /* FirebaseStorage in Frameworks */,
				4AF83B70C742F13A462CFFD1 /* Pods_LAvilaEcommerceVenta.framework in Frameworks */,
			);
			runOnlyForDeploymentPostprocessing = 0;
		};
/* End PBXFrameworksBuildPhase section */

/* Begin PBXGroup section */
		46D862CDDA83749396531758 /* Pods */ = {
			isa = PBXGroup;
			children = (
				F54A662A0A81E3D601A5B41B /* Pods-LAvilaEcommerce.debug.xcconfig */,
				45D479CC0CD5B1A70AF33A35 /* Pods-LAvilaEcommerce.release.xcconfig */,
				ABD9E8ABECBCA171189B3DCA /* Pods-LAvilaEcommerceVenta.debug.xcconfig */,
				459B85498AB88954C7D68395 /* Pods-LAvilaEcommerceVenta.release.xcconfig */,
			);
			path = Pods;
			sourceTree = "<group>";
		};
		7A0776192A1BCC7C005D659F /* Login */ = {
			isa = PBXGroup;
			children = (
				7A07761C2A1BF523005D659F /* LoginController.swift */,
				7A07761E2A1BFC8E005D659F /* RegistroController.swift */,
			);
			path = Login;
			sourceTree = "<group>";
		};
		7A18AF312A213E89005BF06D /* ViewModel */ = {
			isa = PBXGroup;
			children = (
				7A18AF322A213EA6005BF06D /* CarritoViewModel.swift */,
			);
			path = ViewModel;
			sourceTree = "<group>";
		};
		7A18AF342A215731005BF06D /* CarritoCell  */ = {
			isa = PBXGroup;
			children = (
				7A18AF3C2A2172C1005BF06D /* CarritoCell.swift */,
				7A18AF3D2A2172C1005BF06D /* CarritoCell.xib */,
			);
			path = "CarritoCell ";
			sourceTree = "<group>";
		};
		7A18AF392A215DA4005BF06D /* Carrito */ = {
			isa = PBXGroup;
			children = (
				7A18AF3A2A215DD8005BF06D /* CarritoController.swift */,
			);
			path = Carrito;
			sourceTree = "<group>";
		};
		7A18AF422A218838005BF06D /* Model */ = {
			isa = PBXGroup;
			children = (
				7A18AF442A21885B005BF06D /* ProductoVentasViewModel.swift */,
			);
			path = Model;
			sourceTree = "<group>";
		};
		7A6C87C12A142C3800DB8E37 /* Productos */ = {
			isa = PBXGroup;
			children = (
				7A6C87C22A142CC400DB8E37 /* ProductosCell.swift */,
				7A6C87C32A142CC400DB8E37 /* ProductosCell.xib */,
			);
			path = Productos;
			sourceTree = "<group>";
		};
		7A6C87C62A142D4A00DB8E37 /* Producto */ = {
			isa = PBXGroup;
			children = (
				7A6C87C72A142D8B00DB8E37 /* FormProductosController.swift */,
				7A6C87C92A142E4300DB8E37 /* GetAllProductoController.swift */,
			);
			path = Producto;
			sourceTree = "<group>";
		};
		7A6C87CD2A14346B00DB8E37 /* Usuario */ = {
			isa = PBXGroup;
			children = (
				7A57C9BC2A01D4F300FED5F5 /* Result.swift */,
				7A54689229FC7481006BA180 /* Usuario.swift */,
			);
			path = Usuario;
			sourceTree = "<group>";
		};
		7A6C87CE2A14348600DB8E37 /* Rol */ = {
			isa = PBXGroup;
			children = (
				7A76D2402A0AF233005325EA /* Rol.swift */,
			);
			path = Rol;
			sourceTree = "<group>";
		};
		7A6C87CF2A14349000DB8E37 /* Producto */ = {
			isa = PBXGroup;
			children = (
				7A6C87CB2A14336C00DB8E37 /* Producto.swift */,
				7A87E8EB2A15364C00E2363A /* Departamento.swift */,
				7A87E8ED2A1536E000E2363A /* Proveedor.swift */,
				7A87E8F02A15373000E2363A /* Area.swift */,
				7A0776172A1BCB77005D659F /* Login.swift */,
			);
			path = Producto;
			sourceTree = "<group>";
		};
		7A75DB2029FAFFAC0058795F = {
			isa = PBXGroup;
			children = (
				7A18AF2E2A211FE5005BF06D /* LAvilaEcommerce.xcdatamodeld */,
				7A07761A2A1BEEFC005D659F /* GoogleService-Info.plist */,
				7A75DB2B29FAFFAC0058795F /* LAvilaEcommerce */,
				7ABF6AE22A1FF42C00710224 /* LAvilaEcommerceVenta */,
				7AA3E92A2A265EB9003FE954 /* LAvilaEcommerceVentaTests */,
				7AA3E9402A26CB17003FE954 /* LAvilaEcommerceVentaUITests */,
				7A75DB2A29FAFFAC0058795F /* Products */,
				46D862CDDA83749396531758 /* Pods */,
				F3CB606989E526477D988672 /* Frameworks */,
			);
			sourceTree = "<group>";
		};
		7A75DB2A29FAFFAC0058795F /* Products */ = {
			isa = PBXGroup;
			children = (
				7A75DB2929FAFFAC0058795F /* LAvilaEcommerce.app */,
				7ABF6AE12A1FF42C00710224 /* LAvilaEcommerceVenta.app */,
				7AA3E9292A265EB9003FE954 /* LAvilaEcommerceVentaTests.xctest */,
				7AA3E93F2A26CB17003FE954 /* LAvilaEcommerceVentaUITests.xctest */,
			);
			name = Products;
			sourceTree = "<group>";
		};
		7A75DB2B29FAFFAC0058795F /* LAvilaEcommerce */ = {
			isa = PBXGroup;
			children = (
				7ABF6AF52A1FF45400710224 /* LAvilaEcommerce.entitlements */,
				7AF6F0B62A043F25007B5C29 /* Util */,
				7AF6F0B42A043EC6007B5C29 /* Controller */,
				7AF6F0B32A043EB5007B5C29 /* ViewModel */,
				7AF6F0B22A043E99007B5C29 /* Model */,
				7AF6F0AE2A043D59007B5C29 /* View */,
				7A75DB2C29FAFFAC0058795F /* AppDelegate.swift */,
				7AF6F0AF2A043DCE007B5C29 /* UsuarioViewModel.swift */,
				7A75DB2E29FAFFAC0058795F /* SceneDelegate.swift */,
				7A75DB3529FAFFAE0058795F /* Assets.xcassets */,
				7A75DB3A29FAFFAE0058795F /* Info.plist */,
			);
			path = LAvilaEcommerce;
			sourceTree = "<group>";
		};
		7A76D2422A0AF29D005325EA /* Rol */ = {
			isa = PBXGroup;
			children = (
				7A76D2432A0AF348005325EA /* RolCell.swift */,
				7A76D2442A0AF348005325EA /* RolCell.xib */,
			);
			path = Rol;
			sourceTree = "<group>";
		};
		7A76D2492A0AFA68005325EA /* Rol */ = {
			isa = PBXGroup;
			children = (
				7A76D24A2A0B163B005325EA /* FormRolController.swift */,
				7A4995A32A0C042500AA92F5 /* RolGetAllController.swift */,
			);
			path = Rol;
			sourceTree = "<group>";
		};
		7AA3E92A2A265EB9003FE954 /* LAvilaEcommerceVentaTests */ = {
			isa = PBXGroup;
			children = (
				7AA3E92B2A265EB9003FE954 /* LAvilaEcommerceVentaTests.swift */,
			);
			path = LAvilaEcommerceVentaTests;
			sourceTree = "<group>";
		};
		7AA3E9402A26CB17003FE954 /* LAvilaEcommerceVentaUITests */ = {
			isa = PBXGroup;
			children = (
				7AA3E9412A26CB17003FE954 /* LAvilaEcommerceVentaUITests.swift */,
				7AA3E9432A26CB17003FE954 /* LAvilaEcommerceVentaUITestsLaunchTests.swift */,
			);
			path = LAvilaEcommerceVentaUITests;
			sourceTree = "<group>";
		};
		7ABF6AE22A1FF42C00710224 /* LAvilaEcommerceVenta */ = {
			isa = PBXGroup;
			children = (
				7A18AF422A218838005BF06D /* Model */,
				7A18AF312A213E89005BF06D /* ViewModel */,
				7ABF6B0E2A2010D500710224 /* view */,
				7ABF6B012A20058800710224 /* Controller */,
				7ABF6AF62A1FF48100710224 /* LAvilaEcommerceVenta.entitlements */,
				7ABF6AE32A1FF42C00710224 /* AppDelegate.swift */,
				7ABF6AE52A1FF42C00710224 /* SceneDelegate.swift */,
				7ABF6AE72A1FF42C00710224 /* ViewController.swift */,
				7ABF6AE92A1FF42C00710224 /* Main.storyboard */,
				7ABF6AEC2A1FF42E00710224 /* Assets.xcassets */,
				7ABF6AEE2A1FF42E00710224 /* LaunchScreen.storyboard */,
				7ABF6AF12A1FF42E00710224 /* Info.plist */,
			);
			path = LAvilaEcommerceVenta;
			sourceTree = "<group>";
		};
		7ABF6B012A20058800710224 /* Controller */ = {
			isa = PBXGroup;
			children = (
				7ABF6B262A20390900710224 /* Login */,
				7A18AF392A215DA4005BF06D /* Carrito */,
				7ABF6B042A2005FB00710224 /* Area */,
				7ABF6B0A2A20096C00710224 /* ProductoController */,
				7ABF6B052A20066300710224 /* Departamento */,
			);
			path = Controller;
			sourceTree = "<group>";
		};
		7ABF6B042A2005FB00710224 /* Area */ = {
			isa = PBXGroup;
			children = (
				7ABF6B062A20074E00710224 /* AreaController.swift */,
			);
			path = Area;
			sourceTree = "<group>";
		};
		7ABF6B052A20066300710224 /* Departamento */ = {
			isa = PBXGroup;
			children = (
				7ABF6B082A20087000710224 /* DepartamentoController.swift */,
			);
			path = Departamento;
			sourceTree = "<group>";
		};
		7ABF6B0A2A20096C00710224 /* ProductoController */ = {
			isa = PBXGroup;
			children = (
				7ABF6B0B2A200FAA00710224 /* ProductosColeccionController.swift */,
			);
			path = ProductoController;
			sourceTree = "<group>";
		};
		7ABF6B0E2A2010D500710224 /* view */ = {
			isa = PBXGroup;
			children = (
				7A18AF342A215731005BF06D /* CarritoCell  */,
				7ABF6B1A2A2026CE00710224 /* Area */,
				7ABF6B152A20214D00710224 /* DepartamentoVenta */,
			);
			path = view;
			sourceTree = "<group>";
		};
		7ABF6B152A20214D00710224 /* DepartamentoVenta */ = {
			isa = PBXGroup;
			children = (
				7ABF6B162A20219700710224 /* ProductosCardCell.swift */,
				7ABF6B172A20219700710224 /* ProductosCardCell.xib */,
			);
			path = DepartamentoVenta;
			sourceTree = "<group>";
		};
		7ABF6B1A2A2026CE00710224 /* Area */ = {
			isa = PBXGroup;
			children = (
				7ABF6B1C2A2026F300710224 /* AreaCardVentasCell.swift */,
				7ABF6B1D2A2026F300710224 /* AreaCardVentasCell.xib */,
			);
			path = Area;
			sourceTree = "<group>";
		};
		7ABF6B262A20390900710224 /* Login */ = {
			isa = PBXGroup;
			children = (
				7ABF6B272A20398200710224 /* LoginController.swift */,
				7A18AF2C2A211CBC005BF06D /* RegistroController.swift */,
			);
			path = Login;
			sourceTree = "<group>";
		};
		7AF6F0AE2A043D59007B5C29 /* View */ = {
			isa = PBXGroup;
			children = (
				7A75DB3729FAFFAE0058795F /* LaunchScreen.storyboard */,
				7A75DB3229FAFFAC0058795F /* Main.storyboard */,
				7A6C87C12A142C3800DB8E37 /* Productos */,
				7A76D2422A0AF29D005325EA /* Rol */,
				7AF6F0B12A043E61007B5C29 /* Usuario */,
			);
			path = View;
			sourceTree = "<group>";
		};
		7AF6F0B12A043E61007B5C29 /* Usuario */ = {
			isa = PBXGroup;
			children = (
				7A542D372A02F1170068E3F1 /* UsuarioCell.swift */,
				7A542D382A02F1170068E3F1 /* UsuarioCell.xib */,
			);
			path = Usuario;
			sourceTree = "<group>";
		};
		7AF6F0B22A043E99007B5C29 /* Model */ = {
			isa = PBXGroup;
			children = (
				7A6C87CF2A14349000DB8E37 /* Producto */,
				7A6C87CE2A14348600DB8E37 /* Rol */,
				7A6C87CD2A14346B00DB8E37 /* Usuario */,
			);
			path = Model;
			sourceTree = "<group>";
		};
		7AF6F0B32A043EB5007B5C29 /* ViewModel */ = {
			isa = PBXGroup;
			children = (
				7A76D2472A0AF9D0005325EA /* RolViewModel.swift */,
				7A6C87D02A143F7E00DB8E37 /* ProductosViewModel.swift */,
				7A01C5862A1D9950000C215C /* AreaViewModel.swift */,
				10C16E062A1DB31A0023CC50 /* DepartamentoViewModel.swift */,
				7AC81E8F2A1ED092007C416C /* ProductosCardViewModel.swift */,
				7AC81E912A1ED0CB007C416C /* ProductosViewModelLike.swift */,
			);
			path = ViewModel;
			sourceTree = "<group>";
		};
		7AF6F0B42A043EC6007B5C29 /* Controller */ = {
			isa = PBXGroup;
			children = (
				7A0776192A1BCC7C005D659F /* Login */,
				7A6C87C62A142D4A00DB8E37 /* Producto */,
				7A76D2492A0AFA68005325EA /* Rol */,
				7AF6F0B52A043EE4007B5C29 /* Usuario */,
			);
			path = Controller;
			sourceTree = "<group>";
		};
		7AF6F0B52A043EE4007B5C29 /* Usuario */ = {
			isa = PBXGroup;
			children = (
				7A75DB3029FAFFAC0058795F /* ViewController.swift */,
				7A542D352A02E8820068E3F1 /* GetAllUsuarioController.swift */,
			);
			path = Usuario;
			sourceTree = "<group>";
		};
		7AF6F0B62A043F25007B5C29 /* Util */ = {
			isa = PBXGroup;
			children = (
				7A54689029FC53A8006BA180 /* DBManager.swift */,
			);
			path = Util;
			sourceTree = "<group>";
		};
		F3CB606989E526477D988672 /* Frameworks */ = {
			isa = PBXGroup;
			children = (
				7A1E86F92A0DAE6A000525D6 /* iOSDropDown.framework */,
				EFF4C0466D2CEB4D5A0E78DB /* Pods_LAvilaEcommerce.framework */,
				8DF8C2DEC0ACC4D05F903E48 /* Pods_LAvilaEcommerceVenta.framework */,
			);
			name = Frameworks;
			sourceTree = "<group>";
		};
/* End PBXGroup section */

/* Begin PBXNativeTarget section */
		7A75DB2829FAFFAC0058795F /* LAvilaEcommerce */ = {
			isa = PBXNativeTarget;
			buildConfigurationList = 7A75DB3D29FAFFAE0058795F /* Build configuration list for PBXNativeTarget "LAvilaEcommerce" */;
			buildPhases = (
				8CC98E4ADFA36937C77503AB /* [CP] Check Pods Manifest.lock */,
				7A75DB2529FAFFAC0058795F /* Sources */,
				7A75DB2629FAFFAC0058795F /* Frameworks */,
				7A75DB2729FAFFAC0058795F /* Resources */,
				7626C62606F829AE8E0DE04D /* [CP] Embed Pods Frameworks */,
				7A5C2FF22A27F58300DF4160 /* ShellScript */,
			);
			buildRules = (
			);
			dependencies = (
			);
			name = LAvilaEcommerce;
			packageProductDependencies = (
				7A01C56B2A1D52F6000C215C /* FirebaseAuth */,
				7A01C56D2A1D52F6000C215C /* FirebaseCrashlytics */,
				7A01C56F2A1D52F6000C215C /* FirebaseStorage */,
			);
			productName = LAvilaEcommerce;
			productReference = 7A75DB2929FAFFAC0058795F /* LAvilaEcommerce.app */;
			productType = "com.apple.product-type.application";
		};
		7AA3E9282A265EB9003FE954 /* LAvilaEcommerceVentaTests */ = {
			isa = PBXNativeTarget;
			buildConfigurationList = 7AA3E92F2A265EB9003FE954 /* Build configuration list for PBXNativeTarget "LAvilaEcommerceVentaTests" */;
			buildPhases = (
				7AA3E9252A265EB9003FE954 /* Sources */,
				7AA3E9262A265EB9003FE954 /* Frameworks */,
				7AA3E9272A265EB9003FE954 /* Resources */,
			);
			buildRules = (
			);
			dependencies = (
				7AA3E93A2A2688C0003FE954 /* PBXTargetDependency */,
				7AA3E92E2A265EB9003FE954 /* PBXTargetDependency */,
			);
			name = LAvilaEcommerceVentaTests;
			packageProductDependencies = (
				7AA3E9372A2683C9003FE954 /* FirebaseAuth */,
			);
			productName = LAvilaEcommerceVentaTests;
			productReference = 7AA3E9292A265EB9003FE954 /* LAvilaEcommerceVentaTests.xctest */;
			productType = "com.apple.product-type.bundle.unit-test";
		};
		7AA3E93E2A26CB17003FE954 /* LAvilaEcommerceVentaUITests */ = {
			isa = PBXNativeTarget;
			buildConfigurationList = 7AA3E9472A26CB17003FE954 /* Build configuration list for PBXNativeTarget "LAvilaEcommerceVentaUITests" */;
			buildPhases = (
				7AA3E93B2A26CB17003FE954 /* Sources */,
				7AA3E93C2A26CB17003FE954 /* Frameworks */,
				7AA3E93D2A26CB17003FE954 /* Resources */,
			);
			buildRules = (
			);
			dependencies = (
				7AA3E9462A26CB17003FE954 /* PBXTargetDependency */,
			);
			name = LAvilaEcommerceVentaUITests;
			productName = LAvilaEcommerceVentaUITests;
			productReference = 7AA3E93F2A26CB17003FE954 /* LAvilaEcommerceVentaUITests.xctest */;
			productType = "com.apple.product-type.bundle.ui-testing";
		};
		7ABF6AE02A1FF42C00710224 /* LAvilaEcommerceVenta */ = {
			isa = PBXNativeTarget;
			buildConfigurationList = 7ABF6AF42A1FF42E00710224 /* Build configuration list for PBXNativeTarget "LAvilaEcommerceVenta" */;
			buildPhases = (
				A57589DFE53BD95FDE833EBE /* [CP] Check Pods Manifest.lock */,
				7ABF6ADD2A1FF42C00710224 /* Sources */,
				7ABF6ADE2A1FF42C00710224 /* Frameworks */,
				7ABF6ADF2A1FF42C00710224 /* Resources */,
				FDEF0BA5DB68E817E3A2F3C4 /* [CP] Embed Pods Frameworks */,
				7A5C2FF12A27EF8200DF4160 /* ShellScript */,
			);
			buildRules = (
			);
			dependencies = (
			);
			name = LAvilaEcommerceVenta;
			packageProductDependencies = (
				7ABF6B202A202F6F00710224 /* FirebaseAnalytics */,
				7ABF6B222A202F6F00710224 /* FirebaseAuth */,
				7ABF6B242A202F6F00710224 /* FirebaseStorage */,
			);
			productName = LAvilaEcommerceVenta;
			productReference = 7ABF6AE12A1FF42C00710224 /* LAvilaEcommerceVenta.app */;
			productType = "com.apple.product-type.application";
		};
/* End PBXNativeTarget section */

/* Begin PBXProject section */
		7A75DB2129FAFFAC0058795F /* Project object */ = {
			isa = PBXProject;
			attributes = {
				BuildIndependentTargetsInParallel = 1;
				LastSwiftUpdateCheck = 1430;
				LastUpgradeCheck = 1430;
				TargetAttributes = {
					7A75DB2829FAFFAC0058795F = {
						CreatedOnToolsVersion = 14.3;
					};
					7AA3E9282A265EB9003FE954 = {
						CreatedOnToolsVersion = 14.3;
						TestTargetID = 7ABF6AE02A1FF42C00710224;
					};
					7AA3E93E2A26CB17003FE954 = {
						CreatedOnToolsVersion = 14.3;
						TestTargetID = 7ABF6AE02A1FF42C00710224;
					};
					7ABF6AE02A1FF42C00710224 = {
						CreatedOnToolsVersion = 14.3;
					};
				};
			};
			buildConfigurationList = 7A75DB2429FAFFAC0058795F /* Build configuration list for PBXProject "LAvilaEcommerce" */;
			compatibilityVersion = "Xcode 14.0";
			developmentRegion = en;
			hasScannedForEncodings = 0;
			knownRegions = (
				en,
				Base,
			);
			mainGroup = 7A75DB2029FAFFAC0058795F;
			packageReferences = (
				7A01C56A2A1D52F6000C215C /* XCRemoteSwiftPackageReference "firebase-ios-sdk" */,
			);
			productRefGroup = 7A75DB2A29FAFFAC0058795F /* Products */;
			projectDirPath = "";
			projectRoot = "";
			targets = (
				7A75DB2829FAFFAC0058795F /* LAvilaEcommerce */,
				7ABF6AE02A1FF42C00710224 /* LAvilaEcommerceVenta */,
				7AA3E9282A265EB9003FE954 /* LAvilaEcommerceVentaTests */,
				7AA3E93E2A26CB17003FE954 /* LAvilaEcommerceVentaUITests */,
			);
		};
/* End PBXProject section */

/* Begin PBXResourcesBuildPhase section */
		7A75DB2729FAFFAC0058795F /* Resources */ = {
			isa = PBXResourcesBuildPhase;
			buildActionMask = 2147483647;
			files = (
				7A542D3A2A02F1170068E3F1 /* UsuarioCell.xib in Resources */,
				7A75DB3929FAFFAE0058795F /* LaunchScreen.storyboard in Resources */,
				7A75DB3629FAFFAE0058795F /* Assets.xcassets in Resources */,
				7A76D2462A0AF348005325EA /* RolCell.xib in Resources */,
				7A75DB3429FAFFAC0058795F /* Main.storyboard in Resources */,
				7A6C87C52A142CC400DB8E37 /* ProductosCell.xib in Resources */,
				7A07761B2A1BEEFC005D659F /* GoogleService-Info.plist in Resources */,
			);
			runOnlyForDeploymentPostprocessing = 0;
		};
		7AA3E9272A265EB9003FE954 /* Resources */ = {
			isa = PBXResourcesBuildPhase;
			buildActionMask = 2147483647;
			files = (
			);
			runOnlyForDeploymentPostprocessing = 0;
		};
		7AA3E93D2A26CB17003FE954 /* Resources */ = {
			isa = PBXResourcesBuildPhase;
			buildActionMask = 2147483647;
			files = (
			);
			runOnlyForDeploymentPostprocessing = 0;
		};
		7ABF6ADF2A1FF42C00710224 /* Resources */ = {
			isa = PBXResourcesBuildPhase;
			buildActionMask = 2147483647;
			files = (
				7ABF6AF02A1FF42E00710224 /* LaunchScreen.storyboard in Resources */,
				7ABF6AED2A1FF42E00710224 /* Assets.xcassets in Resources */,
				7ABF6B1F2A2026F300710224 /* AreaCardVentasCell.xib in Resources */,
				7ABF6AEB2A1FF42C00710224 /* Main.storyboard in Resources */,
				7A18AF3F2A2172C1005BF06D /* CarritoCell.xib in Resources */,
				7ABF6B192A20219700710224 /* ProductosCardCell.xib in Resources */,
			);
			runOnlyForDeploymentPostprocessing = 0;
		};
/* End PBXResourcesBuildPhase section */

/* Begin PBXShellScriptBuildPhase section */
		7626C62606F829AE8E0DE04D /* [CP] Embed Pods Frameworks */ = {
			isa = PBXShellScriptBuildPhase;
			buildActionMask = 2147483647;
			files = (
			);
			inputFileListPaths = (
				"${PODS_ROOT}/Target Support Files/Pods-LAvilaEcommerce/Pods-LAvilaEcommerce-frameworks-${CONFIGURATION}-input-files.xcfilelist",
			);
			name = "[CP] Embed Pods Frameworks";
			outputFileListPaths = (
				"${PODS_ROOT}/Target Support Files/Pods-LAvilaEcommerce/Pods-LAvilaEcommerce-frameworks-${CONFIGURATION}-output-files.xcfilelist",
			);
			runOnlyForDeploymentPostprocessing = 0;
			shellPath = /bin/sh;
			shellScript = "\"${PODS_ROOT}/Target Support Files/Pods-LAvilaEcommerce/Pods-LAvilaEcommerce-frameworks.sh\"\n";
			showEnvVarsInLog = 0;
		};
		7A5C2FF12A27EF8200DF4160 /* ShellScript */ = {
			isa = PBXShellScriptBuildPhase;
			buildActionMask = 2147483647;
			files = (
			);
			inputFileListPaths = (
			);
			inputPaths = (
				"${DWARF_DSYM_FOLDER_PATH}/${DWARF_DSYM_FILE_NAME}/Contents/Resources/DWARF/${TARGET_NAME}",
				"$(SRCROOT)/$(BUILT_PRODUCTS_DIR)/$(INFOPLIST_PATH)",
			);
			outputFileListPaths = (
			);
			outputPaths = (
			);
			runOnlyForDeploymentPostprocessing = 0;
			shellPath = /bin/sh;
			shellScript = "\"${BUILD_DIR%/Build/*}/SourcePackages/checkouts/firebase-ios-sdk/Crashlytics/run\"\n";
		};
		7A5C2FF22A27F58300DF4160 /* ShellScript */ = {
			isa = PBXShellScriptBuildPhase;
			buildActionMask = 2147483647;
			files = (
			);
			inputFileListPaths = (
			);
			inputPaths = (
				"${DWARF_DSYM_FOLDER_PATH}/${DWARF_DSYM_FILE_NAME}/Contents/Resources/DWARF/${TARGET_NAME}",
				"$(SRCROOT)/$(BUILT_PRODUCTS_DIR)/$(INFOPLIST_PATH)",
			);
			outputFileListPaths = (
			);
			outputPaths = (
			);
			runOnlyForDeploymentPostprocessing = 0;
			shellPath = /bin/sh;
			shellScript = "\"${BUILD_DIR%/Build/*}/SourcePackages/checkouts/firebase-ios-sdk/Crashlytics/run\"\n";
		};
		8CC98E4ADFA36937C77503AB /* [CP] Check Pods Manifest.lock */ = {
			isa = PBXShellScriptBuildPhase;
			buildActionMask = 2147483647;
			files = (
			);
			inputFileListPaths = (
			);
			inputPaths = (
				"${PODS_PODFILE_DIR_PATH}/Podfile.lock",
				"${PODS_ROOT}/Manifest.lock",
			);
			name = "[CP] Check Pods Manifest.lock";
			outputFileListPaths = (
			);
			outputPaths = (
				"$(DERIVED_FILE_DIR)/Pods-LAvilaEcommerce-checkManifestLockResult.txt",
			);
			runOnlyForDeploymentPostprocessing = 0;
			shellPath = /bin/sh;
			shellScript = "diff \"${PODS_PODFILE_DIR_PATH}/Podfile.lock\" \"${PODS_ROOT}/Manifest.lock\" > /dev/null\nif [ $? != 0 ] ; then\n    # print error to STDERR\n    echo \"error: The sandbox is not in sync with the Podfile.lock. Run 'pod install' or update your CocoaPods installation.\" >&2\n    exit 1\nfi\n# This output is used by Xcode 'outputs' to avoid re-running this script phase.\necho \"SUCCESS\" > \"${SCRIPT_OUTPUT_FILE_0}\"\n";
			showEnvVarsInLog = 0;
		};
		A57589DFE53BD95FDE833EBE /* [CP] Check Pods Manifest.lock */ = {
			isa = PBXShellScriptBuildPhase;
			buildActionMask = 2147483647;
			files = (
			);
			inputFileListPaths = (
			);
			inputPaths = (
				"${PODS_PODFILE_DIR_PATH}/Podfile.lock",
				"${PODS_ROOT}/Manifest.lock",
			);
			name = "[CP] Check Pods Manifest.lock";
			outputFileListPaths = (
			);
			outputPaths = (
				"$(DERIVED_FILE_DIR)/Pods-LAvilaEcommerceVenta-checkManifestLockResult.txt",
			);
			runOnlyForDeploymentPostprocessing = 0;
			shellPath = /bin/sh;
			shellScript = "diff \"${PODS_PODFILE_DIR_PATH}/Podfile.lock\" \"${PODS_ROOT}/Manifest.lock\" > /dev/null\nif [ $? != 0 ] ; then\n    # print error to STDERR\n    echo \"error: The sandbox is not in sync with the Podfile.lock. Run 'pod install' or update your CocoaPods installation.\" >&2\n    exit 1\nfi\n# This output is used by Xcode 'outputs' to avoid re-running this script phase.\necho \"SUCCESS\" > \"${SCRIPT_OUTPUT_FILE_0}\"\n";
			showEnvVarsInLog = 0;
		};
		FDEF0BA5DB68E817E3A2F3C4 /* [CP] Embed Pods Frameworks */ = {
			isa = PBXShellScriptBuildPhase;
			buildActionMask = 2147483647;
			files = (
			);
			inputFileListPaths = (
				"${PODS_ROOT}/Target Support Files/Pods-LAvilaEcommerceVenta/Pods-LAvilaEcommerceVenta-frameworks-${CONFIGURATION}-input-files.xcfilelist",
			);
			name = "[CP] Embed Pods Frameworks";
			outputFileListPaths = (
				"${PODS_ROOT}/Target Support Files/Pods-LAvilaEcommerceVenta/Pods-LAvilaEcommerceVenta-frameworks-${CONFIGURATION}-output-files.xcfilelist",
			);
			runOnlyForDeploymentPostprocessing = 0;
			shellPath = /bin/sh;
			shellScript = "\"${PODS_ROOT}/Target Support Files/Pods-LAvilaEcommerceVenta/Pods-LAvilaEcommerceVenta-frameworks.sh\"\n";
			showEnvVarsInLog = 0;
		};
/* End PBXShellScriptBuildPhase section */

/* Begin PBXSourcesBuildPhase section */
		7A75DB2529FAFFAC0058795F /* Sources */ = {
			isa = PBXSourcesBuildPhase;
			buildActionMask = 2147483647;
			files = (
				7A76D2452A0AF348005325EA /* RolCell.swift in Sources */,
				7AC81E922A1ED0CB007C416C /* ProductosViewModelLike.swift in Sources */,
				7A57C9BD2A01D4F300FED5F5 /* Result.swift in Sources */,
				7A76D2482A0AF9D0005325EA /* RolViewModel.swift in Sources */,
				7A6C87C82A142D8B00DB8E37 /* FormProductosController.swift in Sources */,
				10C16E072A1DB31A0023CC50 /* DepartamentoViewModel.swift in Sources */,
				7A75DB3129FAFFAC0058795F /* ViewController.swift in Sources */,
				7A4995A42A0C042500AA92F5 /* RolGetAllController.swift in Sources */,
				7A542D362A02E8830068E3F1 /* GetAllUsuarioController.swift in Sources */,
				7A76D2412A0AF233005325EA /* Rol.swift in Sources */,
				7A75DB2D29FAFFAC0058795F /* AppDelegate.swift in Sources */,
				7A6C87CC2A14336C00DB8E37 /* Producto.swift in Sources */,
				7A87E8EE2A1536E000E2363A /* Proveedor.swift in Sources */,
				7A542D392A02F1170068E3F1 /* UsuarioCell.swift in Sources */,
				7A75DB2F29FAFFAC0058795F /* SceneDelegate.swift in Sources */,
				7A07761D2A1BF523005D659F /* LoginController.swift in Sources */,
				7A01C5872A1D9950000C215C /* AreaViewModel.swift in Sources */,
				7AC81E902A1ED092007C416C /* ProductosCardViewModel.swift in Sources */,
				7A6C87CA2A142E4300DB8E37 /* GetAllProductoController.swift in Sources */,
				7A07761F2A1BFC8E005D659F /* RegistroController.swift in Sources */,
				7A87E8EC2A15364C00E2363A /* Departamento.swift in Sources */,
				7A6C87C42A142CC400DB8E37 /* ProductosCell.swift in Sources */,
				7AF6F0B02A043DCE007B5C29 /* UsuarioViewModel.swift in Sources */,
				7A0776182A1BCB77005D659F /* Login.swift in Sources */,
				7A54689329FC7481006BA180 /* Usuario.swift in Sources */,
				7A54689129FC53A8006BA180 /* DBManager.swift in Sources */,
				7A6C87D12A143F7E00DB8E37 /* ProductosViewModel.swift in Sources */,
				7A87E8F12A15373000E2363A /* Area.swift in Sources */,
				7A76D24B2A0B163B005325EA /* FormRolController.swift in Sources */,
			);
			runOnlyForDeploymentPostprocessing = 0;
		};
		7AA3E9252A265EB9003FE954 /* Sources */ = {
			isa = PBXSourcesBuildPhase;
			buildActionMask = 2147483647;
			files = (
				7AA3E9362A2682DB003FE954 /* GoogleService-Info.plist in Sources */,
				7AA3E92C2A265EB9003FE954 /* LAvilaEcommerceVentaTests.swift in Sources */,
			);
			runOnlyForDeploymentPostprocessing = 0;
		};
		7AA3E93B2A26CB17003FE954 /* Sources */ = {
			isa = PBXSourcesBuildPhase;
			buildActionMask = 2147483647;
			files = (
				7AA3E9422A26CB17003FE954 /* LAvilaEcommerceVentaUITests.swift in Sources */,
				7AA3E9442A26CB17003FE954 /* LAvilaEcommerceVentaUITestsLaunchTests.swift in Sources */,
			);
			runOnlyForDeploymentPostprocessing = 0;
		};
		7ABF6ADD2A1FF42C00710224 /* Sources */ = {
			isa = PBXSourcesBuildPhase;
			buildActionMask = 2147483647;
			files = (
				7AC69FCA2A258B11007B6A2D /* Producto.swift in Sources */,
				7A1F66112A251B710070B03E /* ProductosViewModel.swift in Sources */,
				7A18AF412A21773B005BF06D /* Proveedor.swift in Sources */,
				7A18AF3B2A215DD8005BF06D /* CarritoController.swift in Sources */,
				7ABF6B292A20443F00710224 /* GoogleService-Info.plist in Sources */,
				7ABF6B282A20398200710224 /* LoginController.swift in Sources */,
				7ABF6B002A20032200710224 /* Result.swift in Sources */,
				7ABF6AFF2A20018F00710224 /* ProductosViewModelLike.swift in Sources */,
				7ABF6B072A20074E00710224 /* AreaController.swift in Sources */,
				7ABF6AFE2A20018400710224 /* ProductosCardViewModel.swift in Sources */,
				7ABF6B182A20219700710224 /* ProductosCardCell.swift in Sources */,
				7ABF6AFD2A20017E00710224 /* DepartamentoViewModel.swift in Sources */,
				7ABF6AFC2A20017100710224 /* AreaViewModel.swift in Sources */,
				7ABF6AFB2A20014100710224 /* Login.swift in Sources */,
				7ABF6B092A20087000710224 /* DepartamentoController.swift in Sources */,
				7ABF6AFA2A20013900710224 /* Area.swift in Sources */,
				7ABF6AF92A20012400710224 /* Departamento.swift in Sources */,
				7A18AF2D2A211CBC005BF06D /* RegistroController.swift in Sources */,
				7A18AF452A21885B005BF06D /* ProductoVentasViewModel.swift in Sources */,
				7ABF6AF72A20010B00710224 /* DBManager.swift in Sources */,
				7ABF6AE82A1FF42C00710224 /* ViewController.swift in Sources */,
				7A18AF302A211FE5005BF06D /* LAvilaEcommerce.xcdatamodeld in Sources */,
				7ABF6AE42A1FF42C00710224 /* AppDelegate.swift in Sources */,
				7A18AF3E2A2172C1005BF06D /* CarritoCell.swift in Sources */,
				7A18AF332A213EA6005BF06D /* CarritoViewModel.swift in Sources */,
				7ABF6B1E2A2026F300710224 /* AreaCardVentasCell.swift in Sources */,
				7ABF6AE62A1FF42C00710224 /* SceneDelegate.swift in Sources */,
				7ABF6B0C2A200FAA00710224 /* ProductosColeccionController.swift in Sources */,
			);
			runOnlyForDeploymentPostprocessing = 0;
		};
/* End PBXSourcesBuildPhase section */

/* Begin PBXTargetDependency section */
		7AA3E92E2A265EB9003FE954 /* PBXTargetDependency */ = {
			isa = PBXTargetDependency;
			target = 7ABF6AE02A1FF42C00710224 /* LAvilaEcommerceVenta */;
			targetProxy = 7AA3E92D2A265EB9003FE954 /* PBXContainerItemProxy */;
		};
		7AA3E93A2A2688C0003FE954 /* PBXTargetDependency */ = {
			isa = PBXTargetDependency;
			target = 7A75DB2829FAFFAC0058795F /* LAvilaEcommerce */;
			targetProxy = 7AA3E9392A2688C0003FE954 /* PBXContainerItemProxy */;
		};
		7AA3E9462A26CB17003FE954 /* PBXTargetDependency */ = {
			isa = PBXTargetDependency;
			target = 7ABF6AE02A1FF42C00710224 /* LAvilaEcommerceVenta */;
			targetProxy = 7AA3E9452A26CB17003FE954 /* PBXContainerItemProxy */;
		};
/* End PBXTargetDependency section */

/* Begin PBXVariantGroup section */
		7A75DB3229FAFFAC0058795F /* Main.storyboard */ = {
			isa = PBXVariantGroup;
			children = (
				7A75DB3329FAFFAC0058795F /* Base */,
			);
			name = Main.storyboard;
			sourceTree = "<group>";
		};
		7A75DB3729FAFFAE0058795F /* LaunchScreen.storyboard */ = {
			isa = PBXVariantGroup;
			children = (
				7A75DB3829FAFFAE0058795F /* Base */,
			);
			name = LaunchScreen.storyboard;
			sourceTree = "<group>";
		};
		7ABF6AE92A1FF42C00710224 /* Main.storyboard */ = {
			isa = PBXVariantGroup;
			children = (
				7ABF6AEA2A1FF42C00710224 /* Base */,
			);
			name = Main.storyboard;
			sourceTree = "<group>";
		};
		7ABF6AEE2A1FF42E00710224 /* LaunchScreen.storyboard */ = {
			isa = PBXVariantGroup;
			children = (
				7ABF6AEF2A1FF42E00710224 /* Base */,
			);
			name = LaunchScreen.storyboard;
			sourceTree = "<group>";
		};
/* End PBXVariantGroup section */

/* Begin XCBuildConfiguration section */
		7A75DB3B29FAFFAE0058795F /* Debug */ = {
			isa = XCBuildConfiguration;
			buildSettings = {
				ALWAYS_SEARCH_USER_PATHS = NO;
				CLANG_ANALYZER_NONNULL = YES;
				CLANG_ANALYZER_NUMBER_OBJECT_CONVERSION = YES_AGGRESSIVE;
				CLANG_CXX_LANGUAGE_STANDARD = "gnu++20";
				CLANG_ENABLE_MODULES = YES;
				CLANG_ENABLE_OBJC_ARC = YES;
				CLANG_ENABLE_OBJC_WEAK = YES;
				CLANG_WARN_BLOCK_CAPTURE_AUTORELEASING = YES;
				CLANG_WARN_BOOL_CONVERSION = YES;
				CLANG_WARN_COMMA = YES;
				CLANG_WARN_CONSTANT_CONVERSION = YES;
				CLANG_WARN_DEPRECATED_OBJC_IMPLEMENTATIONS = YES;
				CLANG_WARN_DIRECT_OBJC_ISA_USAGE = YES_ERROR;
				CLANG_WARN_DOCUMENTATION_COMMENTS = YES;
				CLANG_WARN_EMPTY_BODY = YES;
				CLANG_WARN_ENUM_CONVERSION = YES;
				CLANG_WARN_INFINITE_RECURSION = YES;
				CLANG_WARN_INT_CONVERSION = YES;
				CLANG_WARN_NON_LITERAL_NULL_CONVERSION = YES;
				CLANG_WARN_OBJC_IMPLICIT_RETAIN_SELF = YES;
				CLANG_WARN_OBJC_LITERAL_CONVERSION = YES;
				CLANG_WARN_OBJC_ROOT_CLASS = YES_ERROR;
				CLANG_WARN_QUOTED_INCLUDE_IN_FRAMEWORK_HEADER = YES;
				CLANG_WARN_RANGE_LOOP_ANALYSIS = YES;
				CLANG_WARN_STRICT_PROTOTYPES = YES;
				CLANG_WARN_SUSPICIOUS_MOVE = YES;
				CLANG_WARN_UNGUARDED_AVAILABILITY = YES_AGGRESSIVE;
				CLANG_WARN_UNREACHABLE_CODE = YES;
				CLANG_WARN__DUPLICATE_METHOD_MATCH = YES;
				COPY_PHASE_STRIP = NO;
				DEBUG_INFORMATION_FORMAT = dwarf;
				ENABLE_STRICT_OBJC_MSGSEND = YES;
				ENABLE_TESTABILITY = YES;
				GCC_C_LANGUAGE_STANDARD = gnu11;
				GCC_DYNAMIC_NO_PIC = NO;
				GCC_NO_COMMON_BLOCKS = YES;
				GCC_OPTIMIZATION_LEVEL = 0;
				GCC_PREPROCESSOR_DEFINITIONS = (
					"DEBUG=1",
					"$(inherited)",
				);
				GCC_WARN_64_TO_32_BIT_CONVERSION = YES;
				GCC_WARN_ABOUT_RETURN_TYPE = YES_ERROR;
				GCC_WARN_UNDECLARED_SELECTOR = YES;
				GCC_WARN_UNINITIALIZED_AUTOS = YES_AGGRESSIVE;
				GCC_WARN_UNUSED_FUNCTION = YES;
				GCC_WARN_UNUSED_VARIABLE = YES;
				IPHONEOS_DEPLOYMENT_TARGET = 16.4;
				MTL_ENABLE_DEBUG_INFO = INCLUDE_SOURCE;
				MTL_FAST_MATH = YES;
				ONLY_ACTIVE_ARCH = YES;
				SDKROOT = iphoneos;
				SWIFT_ACTIVE_COMPILATION_CONDITIONS = DEBUG;
				SWIFT_OPTIMIZATION_LEVEL = "-Onone";
			};
			name = Debug;
		};
		7A75DB3C29FAFFAE0058795F /* Release */ = {
			isa = XCBuildConfiguration;
			buildSettings = {
				ALWAYS_SEARCH_USER_PATHS = NO;
				CLANG_ANALYZER_NONNULL = YES;
				CLANG_ANALYZER_NUMBER_OBJECT_CONVERSION = YES_AGGRESSIVE;
				CLANG_CXX_LANGUAGE_STANDARD = "gnu++20";
				CLANG_ENABLE_MODULES = YES;
				CLANG_ENABLE_OBJC_ARC = YES;
				CLANG_ENABLE_OBJC_WEAK = YES;
				CLANG_WARN_BLOCK_CAPTURE_AUTORELEASING = YES;
				CLANG_WARN_BOOL_CONVERSION = YES;
				CLANG_WARN_COMMA = YES;
				CLANG_WARN_CONSTANT_CONVERSION = YES;
				CLANG_WARN_DEPRECATED_OBJC_IMPLEMENTATIONS = YES;
				CLANG_WARN_DIRECT_OBJC_ISA_USAGE = YES_ERROR;
				CLANG_WARN_DOCUMENTATION_COMMENTS = YES;
				CLANG_WARN_EMPTY_BODY = YES;
				CLANG_WARN_ENUM_CONVERSION = YES;
				CLANG_WARN_INFINITE_RECURSION = YES;
				CLANG_WARN_INT_CONVERSION = YES;
				CLANG_WARN_NON_LITERAL_NULL_CONVERSION = YES;
				CLANG_WARN_OBJC_IMPLICIT_RETAIN_SELF = YES;
				CLANG_WARN_OBJC_LITERAL_CONVERSION = YES;
				CLANG_WARN_OBJC_ROOT_CLASS = YES_ERROR;
				CLANG_WARN_QUOTED_INCLUDE_IN_FRAMEWORK_HEADER = YES;
				CLANG_WARN_RANGE_LOOP_ANALYSIS = YES;
				CLANG_WARN_STRICT_PROTOTYPES = YES;
				CLANG_WARN_SUSPICIOUS_MOVE = YES;
				CLANG_WARN_UNGUARDED_AVAILABILITY = YES_AGGRESSIVE;
				CLANG_WARN_UNREACHABLE_CODE = YES;
				CLANG_WARN__DUPLICATE_METHOD_MATCH = YES;
				COPY_PHASE_STRIP = NO;
				DEBUG_INFORMATION_FORMAT = "dwarf-with-dsym";
				ENABLE_NS_ASSERTIONS = NO;
				ENABLE_STRICT_OBJC_MSGSEND = YES;
				GCC_C_LANGUAGE_STANDARD = gnu11;
				GCC_NO_COMMON_BLOCKS = YES;
				GCC_WARN_64_TO_32_BIT_CONVERSION = YES;
				GCC_WARN_ABOUT_RETURN_TYPE = YES_ERROR;
				GCC_WARN_UNDECLARED_SELECTOR = YES;
				GCC_WARN_UNINITIALIZED_AUTOS = YES_AGGRESSIVE;
				GCC_WARN_UNUSED_FUNCTION = YES;
				GCC_WARN_UNUSED_VARIABLE = YES;
				IPHONEOS_DEPLOYMENT_TARGET = 16.4;
				MTL_ENABLE_DEBUG_INFO = NO;
				MTL_FAST_MATH = YES;
				SDKROOT = iphoneos;
				SWIFT_COMPILATION_MODE = wholemodule;
				SWIFT_OPTIMIZATION_LEVEL = "-O";
				VALIDATE_PRODUCT = YES;
			};
			name = Release;
		};
		7A75DB3E29FAFFAE0058795F /* Debug */ = {
			isa = XCBuildConfiguration;
			baseConfigurationReference = F54A662A0A81E3D601A5B41B /* Pods-LAvilaEcommerce.debug.xcconfig */;
			buildSettings = {
				ASSETCATALOG_COMPILER_APPICON_NAME = AppIcon;
				ASSETCATALOG_COMPILER_GLOBAL_ACCENT_COLOR_NAME = AccentColor;
				CODE_SIGN_ENTITLEMENTS = LAvilaEcommerce/LAvilaEcommerce.entitlements;
				CODE_SIGN_STYLE = Automatic;
				CURRENT_PROJECT_VERSION = 1;
				DEBUG_INFORMATION_FORMAT = "dwarf-with-dsym";
				DEVELOPMENT_TEAM = 5GF78NBJ67;
				GENERATE_INFOPLIST_FILE = YES;
				INFOPLIST_FILE = LAvilaEcommerce/Info.plist;
				INFOPLIST_KEY_UIApplicationSupportsIndirectInputEvents = YES;
				INFOPLIST_KEY_UILaunchStoryboardName = LaunchScreen;
				INFOPLIST_KEY_UIMainStoryboardFile = Main;
				INFOPLIST_KEY_UISupportedInterfaceOrientations_iPad = "UIInterfaceOrientationPortrait UIInterfaceOrientationPortraitUpsideDown UIInterfaceOrientationLandscapeLeft UIInterfaceOrientationLandscapeRight";
				INFOPLIST_KEY_UISupportedInterfaceOrientations_iPhone = "UIInterfaceOrientationPortrait UIInterfaceOrientationLandscapeLeft UIInterfaceOrientationLandscapeRight";
				LD_RUNPATH_SEARCH_PATHS = (
					"$(inherited)",
					"@executable_path/Frameworks",
				);
				MARKETING_VERSION = 1.0;
				PRODUCT_BUNDLE_IDENTIFIER = com.digis.LAvilaEcommerce;
				PRODUCT_NAME = "$(TARGET_NAME)";
				SWIFT_EMIT_LOC_STRINGS = YES;
				SWIFT_VERSION = 5.0;
				TARGETED_DEVICE_FAMILY = "1,2";
			};
			name = Debug;
		};
		7A75DB3F29FAFFAE0058795F /* Release */ = {
			isa = XCBuildConfiguration;
			baseConfigurationReference = 45D479CC0CD5B1A70AF33A35 /* Pods-LAvilaEcommerce.release.xcconfig */;
			buildSettings = {
				ASSETCATALOG_COMPILER_APPICON_NAME = AppIcon;
				ASSETCATALOG_COMPILER_GLOBAL_ACCENT_COLOR_NAME = AccentColor;
				CODE_SIGN_ENTITLEMENTS = LAvilaEcommerce/LAvilaEcommerce.entitlements;
				CODE_SIGN_STYLE = Automatic;
				CURRENT_PROJECT_VERSION = 1;
				DEBUG_INFORMATION_FORMAT = "dwarf-with-dsym";
				DEVELOPMENT_TEAM = 5GF78NBJ67;
				GENERATE_INFOPLIST_FILE = YES;
				INFOPLIST_FILE = LAvilaEcommerce/Info.plist;
				INFOPLIST_KEY_UIApplicationSupportsIndirectInputEvents = YES;
				INFOPLIST_KEY_UILaunchStoryboardName = LaunchScreen;
				INFOPLIST_KEY_UIMainStoryboardFile = Main;
				INFOPLIST_KEY_UISupportedInterfaceOrientations_iPad = "UIInterfaceOrientationPortrait UIInterfaceOrientationPortraitUpsideDown UIInterfaceOrientationLandscapeLeft UIInterfaceOrientationLandscapeRight";
				INFOPLIST_KEY_UISupportedInterfaceOrientations_iPhone = "UIInterfaceOrientationPortrait UIInterfaceOrientationLandscapeLeft UIInterfaceOrientationLandscapeRight";
				LD_RUNPATH_SEARCH_PATHS = (
					"$(inherited)",
					"@executable_path/Frameworks",
				);
				MARKETING_VERSION = 1.0;
				PRODUCT_BUNDLE_IDENTIFIER = com.digis.LAvilaEcommerce;
				PRODUCT_NAME = "$(TARGET_NAME)";
				SWIFT_EMIT_LOC_STRINGS = YES;
				SWIFT_VERSION = 5.0;
				TARGETED_DEVICE_FAMILY = "1,2";
			};
			name = Release;
		};
		7AA3E9302A265EB9003FE954 /* Debug */ = {
			isa = XCBuildConfiguration;
			buildSettings = {
				BUNDLE_LOADER = "$(TEST_HOST)";
				CODE_SIGN_STYLE = Automatic;
				CURRENT_PROJECT_VERSION = 1;
				DEVELOPMENT_TEAM = 5GF78NBJ67;
				GENERATE_INFOPLIST_FILE = YES;
				MARKETING_VERSION = 1.0;
				PRODUCT_BUNDLE_IDENTIFIER = com.digis.LAvilaEcommerceVentaTests;
				PRODUCT_NAME = "$(TARGET_NAME)";
				SWIFT_EMIT_LOC_STRINGS = NO;
				SWIFT_VERSION = 5.0;
				TARGETED_DEVICE_FAMILY = "1,2";
				TEST_HOST = "$(BUILT_PRODUCTS_DIR)/LAvilaEcommerceVenta.app/$(BUNDLE_EXECUTABLE_FOLDER_PATH)/LAvilaEcommerceVenta";
			};
			name = Debug;
		};
		7AA3E9312A265EB9003FE954 /* Release */ = {
			isa = XCBuildConfiguration;
			buildSettings = {
				BUNDLE_LOADER = "$(TEST_HOST)";
				CODE_SIGN_STYLE = Automatic;
				CURRENT_PROJECT_VERSION = 1;
				DEVELOPMENT_TEAM = 5GF78NBJ67;
				GENERATE_INFOPLIST_FILE = YES;
				MARKETING_VERSION = 1.0;
				PRODUCT_BUNDLE_IDENTIFIER = com.digis.LAvilaEcommerceVentaTests;
				PRODUCT_NAME = "$(TARGET_NAME)";
				SWIFT_EMIT_LOC_STRINGS = NO;
				SWIFT_VERSION = 5.0;
				TARGETED_DEVICE_FAMILY = "1,2";
				TEST_HOST = "$(BUILT_PRODUCTS_DIR)/LAvilaEcommerceVenta.app/$(BUNDLE_EXECUTABLE_FOLDER_PATH)/LAvilaEcommerceVenta";
			};
			name = Release;
		};
		7AA3E9482A26CB17003FE954 /* Debug */ = {
			isa = XCBuildConfiguration;
			buildSettings = {
				CODE_SIGN_STYLE = Automatic;
				CURRENT_PROJECT_VERSION = 1;
				DEVELOPMENT_TEAM = 5GF78NBJ67;
				GENERATE_INFOPLIST_FILE = YES;
				MARKETING_VERSION = 1.0;
				PRODUCT_BUNDLE_IDENTIFIER = com.digis.LAvilaEcommerceVentaUITests;
				PRODUCT_NAME = "$(TARGET_NAME)";
				SWIFT_EMIT_LOC_STRINGS = NO;
				SWIFT_VERSION = 5.0;
				TARGETED_DEVICE_FAMILY = "1,2";
				TEST_TARGET_NAME = LAvilaEcommerceVenta;
			};
			name = Debug;
		};
		7AA3E9492A26CB17003FE954 /* Release */ = {
			isa = XCBuildConfiguration;
			buildSettings = {
				CODE_SIGN_STYLE = Automatic;
				CURRENT_PROJECT_VERSION = 1;
				DEVELOPMENT_TEAM = 5GF78NBJ67;
				GENERATE_INFOPLIST_FILE = YES;
				MARKETING_VERSION = 1.0;
				PRODUCT_BUNDLE_IDENTIFIER = com.digis.LAvilaEcommerceVentaUITests;
				PRODUCT_NAME = "$(TARGET_NAME)";
				SWIFT_EMIT_LOC_STRINGS = NO;
				SWIFT_VERSION = 5.0;
				TARGETED_DEVICE_FAMILY = "1,2";
				TEST_TARGET_NAME = LAvilaEcommerceVenta;
			};
			name = Release;
		};
		7ABF6AF22A1FF42E00710224 /* Debug */ = {
			isa = XCBuildConfiguration;
			baseConfigurationReference = ABD9E8ABECBCA171189B3DCA /* Pods-LAvilaEcommerceVenta.debug.xcconfig */;
			buildSettings = {
				ASSETCATALOG_COMPILER_APPICON_NAME = AppIcon;
				ASSETCATALOG_COMPILER_GLOBAL_ACCENT_COLOR_NAME = AccentColor;
				CODE_SIGN_ENTITLEMENTS = LAvilaEcommerceVenta/LAvilaEcommerceVenta.entitlements;
				CODE_SIGN_STYLE = Automatic;
				CURRENT_PROJECT_VERSION = 1;
				DEBUG_INFORMATION_FORMAT = "dwarf-with-dsym";
				DEVELOPMENT_TEAM = 5GF78NBJ67;
				GENERATE_INFOPLIST_FILE = YES;
				INFOPLIST_FILE = LAvilaEcommerceVenta/Info.plist;
				INFOPLIST_KEY_UIApplicationSupportsIndirectInputEvents = YES;
				INFOPLIST_KEY_UILaunchStoryboardName = LaunchScreen;
				INFOPLIST_KEY_UIMainStoryboardFile = Main;
				INFOPLIST_KEY_UISupportedInterfaceOrientations_iPad = "UIInterfaceOrientationPortrait UIInterfaceOrientationPortraitUpsideDown UIInterfaceOrientationLandscapeLeft UIInterfaceOrientationLandscapeRight";
				INFOPLIST_KEY_UISupportedInterfaceOrientations_iPhone = "UIInterfaceOrientationPortrait UIInterfaceOrientationLandscapeLeft UIInterfaceOrientationLandscapeRight";
				LD_RUNPATH_SEARCH_PATHS = (
					"$(inherited)",
					"@executable_path/Frameworks",
				);
				MARKETING_VERSION = 1.0;
				PRODUCT_BUNDLE_IDENTIFIER = com.digis.LAvilaEcommerceVenta;
				PRODUCT_NAME = "$(TARGET_NAME)";
				SWIFT_EMIT_LOC_STRINGS = YES;
				SWIFT_VERSION = 5.0;
				TARGETED_DEVICE_FAMILY = "1,2";
			};
			name = Debug;
		};
		7ABF6AF32A1FF42E00710224 /* Release */ = {
			isa = XCBuildConfiguration;
			baseConfigurationReference = 459B85498AB88954C7D68395 /* Pods-LAvilaEcommerceVenta.release.xcconfig */;
			buildSettings = {
				ASSETCATALOG_COMPILER_APPICON_NAME = AppIcon;
				ASSETCATALOG_COMPILER_GLOBAL_ACCENT_COLOR_NAME = AccentColor;
				CODE_SIGN_ENTITLEMENTS = LAvilaEcommerceVenta/LAvilaEcommerceVenta.entitlements;
				CODE_SIGN_STYLE = Automatic;
				CURRENT_PROJECT_VERSION = 1;
				DEVELOPMENT_TEAM = 5GF78NBJ67;
				GENERATE_INFOPLIST_FILE = YES;
				INFOPLIST_FILE = LAvilaEcommerceVenta/Info.plist;
				INFOPLIST_KEY_UIApplicationSupportsIndirectInputEvents = YES;
				INFOPLIST_KEY_UILaunchStoryboardName = LaunchScreen;
				INFOPLIST_KEY_UIMainStoryboardFile = Main;
				INFOPLIST_KEY_UISupportedInterfaceOrientations_iPad = "UIInterfaceOrientationPortrait UIInterfaceOrientationPortraitUpsideDown UIInterfaceOrientationLandscapeLeft UIInterfaceOrientationLandscapeRight";
				INFOPLIST_KEY_UISupportedInterfaceOrientations_iPhone = "UIInterfaceOrientationPortrait UIInterfaceOrientationLandscapeLeft UIInterfaceOrientationLandscapeRight";
				LD_RUNPATH_SEARCH_PATHS = (
					"$(inherited)",
					"@executable_path/Frameworks",
				);
				MARKETING_VERSION = 1.0;
				PRODUCT_BUNDLE_IDENTIFIER = com.digis.LAvilaEcommerceVenta;
				PRODUCT_NAME = "$(TARGET_NAME)";
				SWIFT_EMIT_LOC_STRINGS = YES;
				SWIFT_VERSION = 5.0;
				TARGETED_DEVICE_FAMILY = "1,2";
			};
			name = Release;
		};
/* End XCBuildConfiguration section */

/* Begin XCConfigurationList section */
		7A75DB2429FAFFAC0058795F /* Build configuration list for PBXProject "LAvilaEcommerce" */ = {
			isa = XCConfigurationList;
			buildConfigurations = (
				7A75DB3B29FAFFAE0058795F /* Debug */,
				7A75DB3C29FAFFAE0058795F /* Release */,
			);
			defaultConfigurationIsVisible = 0;
			defaultConfigurationName = Release;
		};
		7A75DB3D29FAFFAE0058795F /* Build configuration list for PBXNativeTarget "LAvilaEcommerce" */ = {
			isa = XCConfigurationList;
			buildConfigurations = (
				7A75DB3E29FAFFAE0058795F /* Debug */,
				7A75DB3F29FAFFAE0058795F /* Release */,
			);
			defaultConfigurationIsVisible = 0;
			defaultConfigurationName = Release;
		};
		7AA3E92F2A265EB9003FE954 /* Build configuration list for PBXNativeTarget "LAvilaEcommerceVentaTests" */ = {
			isa = XCConfigurationList;
			buildConfigurations = (
				7AA3E9302A265EB9003FE954 /* Debug */,
				7AA3E9312A265EB9003FE954 /* Release */,
			);
			defaultConfigurationIsVisible = 0;
			defaultConfigurationName = Release;
		};
		7AA3E9472A26CB17003FE954 /* Build configuration list for PBXNativeTarget "LAvilaEcommerceVentaUITests" */ = {
			isa = XCConfigurationList;
			buildConfigurations = (
				7AA3E9482A26CB17003FE954 /* Debug */,
				7AA3E9492A26CB17003FE954 /* Release */,
			);
			defaultConfigurationIsVisible = 0;
			defaultConfigurationName = Release;
		};
		7ABF6AF42A1FF42E00710224 /* Build configuration list for PBXNativeTarget "LAvilaEcommerceVenta" */ = {
			isa = XCConfigurationList;
			buildConfigurations = (
				7ABF6AF22A1FF42E00710224 /* Debug */,
				7ABF6AF32A1FF42E00710224 /* Release */,
			);
			defaultConfigurationIsVisible = 0;
			defaultConfigurationName = Release;
		};
/* End XCConfigurationList section */

/* Begin XCRemoteSwiftPackageReference section */
		7A01C56A2A1D52F6000C215C /* XCRemoteSwiftPackageReference "firebase-ios-sdk" */ = {
			isa = XCRemoteSwiftPackageReference;
			repositoryURL = "https://github.com/firebase/firebase-ios-sdk.git";
			requirement = {
				kind = upToNextMajorVersion;
				minimumVersion = 10.0.0;
			};
		};
/* End XCRemoteSwiftPackageReference section */

/* Begin XCSwiftPackageProductDependency section */
		7A01C56B2A1D52F6000C215C /* FirebaseAuth */ = {
			isa = XCSwiftPackageProductDependency;
			package = 7A01C56A2A1D52F6000C215C /* XCRemoteSwiftPackageReference "firebase-ios-sdk" */;
			productName = FirebaseAuth;
		};
		7A01C56D2A1D52F6000C215C /* FirebaseCrashlytics */ = {
			isa = XCSwiftPackageProductDependency;
			package = 7A01C56A2A1D52F6000C215C /* XCRemoteSwiftPackageReference "firebase-ios-sdk" */;
			productName = FirebaseCrashlytics;
		};
		7A01C56F2A1D52F6000C215C /* FirebaseStorage */ = {
			isa = XCSwiftPackageProductDependency;
			package = 7A01C56A2A1D52F6000C215C /* XCRemoteSwiftPackageReference "firebase-ios-sdk" */;
			productName = FirebaseStorage;
		};
		7AA3E9372A2683C9003FE954 /* FirebaseAuth */ = {
			isa = XCSwiftPackageProductDependency;
			package = 7A01C56A2A1D52F6000C215C /* XCRemoteSwiftPackageReference "firebase-ios-sdk" */;
			productName = FirebaseAuth;
		};
		7ABF6B202A202F6F00710224 /* FirebaseAnalytics */ = {
			isa = XCSwiftPackageProductDependency;
			package = 7A01C56A2A1D52F6000C215C /* XCRemoteSwiftPackageReference "firebase-ios-sdk" */;
			productName = FirebaseAnalytics;
		};
		7ABF6B222A202F6F00710224 /* FirebaseAuth */ = {
			isa = XCSwiftPackageProductDependency;
			package = 7A01C56A2A1D52F6000C215C /* XCRemoteSwiftPackageReference "firebase-ios-sdk" */;
			productName = FirebaseAuth;
		};
		7ABF6B242A202F6F00710224 /* FirebaseStorage */ = {
			isa = XCSwiftPackageProductDependency;
			package = 7A01C56A2A1D52F6000C215C /* XCRemoteSwiftPackageReference "firebase-ios-sdk" */;
			productName = FirebaseStorage;
		};
/* End XCSwiftPackageProductDependency section */

/* Begin XCVersionGroup section */
		7A18AF2E2A211FE5005BF06D /* LAvilaEcommerce.xcdatamodeld */ = {
			isa = XCVersionGroup;
			children = (
				7A18AF2F2A211FE5005BF06D /* LAvilaEcommerce.xcdatamodel */,
			);
			currentVersion = 7A18AF2F2A211FE5005BF06D /* LAvilaEcommerce.xcdatamodel */;
			path = LAvilaEcommerce.xcdatamodeld;
			sourceTree = "<group>";
			versionGroupType = wrapper.xcdatamodel;
		};
/* End XCVersionGroup section */
	};
	rootObject = 7A75DB2129FAFFAC0058795F /* Project object */;
}
